
Microsoft Visual Studio Solution File, Format Version 12.00
# Visual Studio Version 17
VisualStudioVersion = 17.6.33723.286
MinimumVisualStudioVersion = 10.0.40219.1
Project("{8BC9CEB8-8B4A-11D0-8D11-00A0C91BC942}") = "BT1", "BT1\BT1.vcxproj", "{748DD56F-82C7-423C-B280-2D07184CC3EB}"
EndProject
Project("{8BC9CEB8-8B4A-11D0-8D11-00A0C91BC942}") = "bt mau", "bt mau\bt mau.vcxproj", "{A794A54E-505A-495C-B5C0-0EEA7E1C3D1D}"
EndProject
Project("{8BC9CEB8-8B4A-11D0-8D11-00A0C91BC942}") = "BT2", "BT2\BT2.vcxproj", "{CDE17D64-9FC3-4374-A4A8-90DBCC852485}"
EndProject
Project("{8BC9CEB8-8B4A-11D0-8D11-00A0C91BC942}") = "BT3", "BT3\BT3.vcxproj", "{78A8DAD4-2401-4DA3-83DC-17D587A5C945}"
EndProject
Project("{8BC9CEB8-8B4A-11D0-8D11-00A0C91BC942}") = "BT4", "BT4\BT4.vcxproj", "{DBCAA0FC-DA69-4A7B-AECD-070D0C6B5BD5}"
EndProject
Project("{8BC9CEB8-8B4A-11D0-8D11-00A0C91BC942}") = "BT7", "BT7\BT7.vcxproj", "{BB0DA7ED-0DBD-4B39-BB07-8B8875F899E7}"
EndProject
Project("{8BC9CEB8-8B4A-11D0-8D11-00A0C91BC942}") = "BT8", "BT8\BT8.vcxproj", "{C76611AC-F83A-4370-B478-8F2A5639AEBF}"
EndProject
Project("{8BC9CEB8-8B4A-11D0-8D11-00A0C91BC942}") = "BT9", "BT9\BT9.vcxproj", "{EC4F4B4E-01A9-411A-B438-B293D31EA2E8}"
EndProject
Project("{8BC9CEB8-8B4A-11D0-8D11-00A0C91BC942}") = "BT10", "BT10\BT10.vcxproj", "{7087650A-3C63-4865-AE8C-A256030F8CA1}"
EndProject
Project("{8BC9CEB8-8B4A-11D0-8D11-00A0C91BC942}") = "BT11", "BT11\BT11.vcxproj", "{07A5FE1F-AA2F-4BED-B0CF-C99052701A9F}"
EndProject
Project("{8BC9CEB8-8B4A-11D0-8D11-00A0C91BC942}") = "BT12", "BT12\BT12.vcxproj", "{A9EC2C6C-A150-4F1C-AA76-7D7F8E6542E7}"
EndProject
Project("{8BC9CEB8-8B4A-11D0-8D11-00A0C91BC942}") = "BT13", "BT13\BT13.vcxproj", "{6F91BB3A-586C-420F-88DE-15C940924F25}"
EndProject
Project("{8BC9CEB8-8B4A-11D0-8D11-00A0C91BC942}") = "BT14", "BT14\BT14.vcxproj", "{65B6A942-A85F-4159-995F-D4968E46C603}"
EndProject
Project("{8BC9CEB8-8B4A-11D0-8D11-00A0C91BC942}") = "BT15", "BT15\BT15.vcxproj", "{78552027-9403-4EBF-91F4-FF39FB6B6F15}"
EndProject
Project("{8BC9CEB8-8B4A-11D0-8D11-00A0C91BC942}") = "BT16", "BT16\BT16.vcxproj", "{A79E7B6D-5CFF-453A-B1B9-30B125CDB966}"
EndProject
Project("{8BC9CEB8-8B4A-11D0-8D11-00A0C91BC942}") = "BT17", "BT17\BT17.vcxproj", "{C51E85BE-3A61-4666-854E-FFE24A058B2F}"
EndProject
Project("{8BC9CEB8-8B4A-11D0-8D11-00A0C91BC942}") = "BT18", "BT18\BT18.vcxproj", "{2B3E6FA6-E881-4F20-BAA0-43D1EF41D6F1}"
EndProject
Project("{8BC9CEB8-8B4A-11D0-8D11-00A0C91BC942}") = "BT19", "BT19\BT19.vcxproj", "{1A9E1D93-6F4F-4EBD-8EA8-5019A57578D7}"
EndProject
Project("{8BC9CEB8-8B4A-11D0-8D11-00A0C91BC942}") = "BT20", "BT20\BT20.vcxproj", "{405BB37A-8BE1-4DAD-9283-B36AE6189E9B}"
EndProject
Global
	GlobalSection(SolutionConfigurationPlatforms) = preSolution
		Debug|x64 = Debug|x64
		Debug|x86 = Debug|x86
		Release|x64 = Release|x64
		Release|x86 = Release|x86
	EndGlobalSection
	GlobalSection(ProjectConfigurationPlatforms) = postSolution
		{748DD56F-82C7-423C-B280-2D07184CC3EB}.Debug|x64.ActiveCfg = Debug|x64
		{748DD56F-82C7-423C-B280-2D07184CC3EB}.Debug|x64.Build.0 = Debug|x64
		{748DD56F-82C7-423C-B280-2D07184CC3EB}.Debug|x86.ActiveCfg = Debug|Win32
		{748DD56F-82C7-423C-B280-2D07184CC3EB}.Debug|x86.Build.0 = Debug|Win32
		{748DD56F-82C7-423C-B280-2D07184CC3EB}.Release|x64.ActiveCfg = Release|x64
		{748DD56F-82C7-423C-B280-2D07184CC3EB}.Release|x64.Build.0 = Release|x64
		{748DD56F-82C7-423C-B280-2D07184CC3EB}.Release|x86.ActiveCfg = Release|Win32
		{748DD56F-82C7-423C-B280-2D07184CC3EB}.Release|x86.Build.0 = Release|Win32
		{A794A54E-505A-495C-B5C0-0EEA7E1C3D1D}.Debug|x64.ActiveCfg = Debug|x64
		{A794A54E-505A-495C-B5C0-0EEA7E1C3D1D}.Debug|x64.Build.0 = Debug|x64
		{A794A54E-505A-495C-B5C0-0EEA7E1C3D1D}.Debug|x86.ActiveCfg = Debug|Win32
		{A794A54E-505A-495C-B5C0-0EEA7E1C3D1D}.Debug|x86.Build.0 = Debug|Win32
		{A794A54E-505A-495C-B5C0-0EEA7E1C3D1D}.Release|x64.ActiveCfg = Release|x64
		{A794A54E-505A-495C-B5C0-0EEA7E1C3D1D}.Release|x64.Build.0 = Release|x64
		{A794A54E-505A-495C-B5C0-0EEA7E1C3D1D}.Release|x86.ActiveCfg = Release|Win32
		{A794A54E-505A-495C-B5C0-0EEA7E1C3D1D}.Release|x86.Build.0 = Release|Win32
		{CDE17D64-9FC3-4374-A4A8-90DBCC852485}.Debug|x64.ActiveCfg = Debug|x64
		{CDE17D64-9FC3-4374-A4A8-90DBCC852485}.Debug|x64.Build.0 = Debug|x64
		{CDE17D64-9FC3-4374-A4A8-90DBCC852485}.Debug|x86.ActiveCfg = Debug|Win32
		{CDE17D64-9FC3-4374-A4A8-90DBCC852485}.Debug|x86.Build.0 = Debug|Win32
		{CDE17D64-9FC3-4374-A4A8-90DBCC852485}.Release|x64.ActiveCfg = Release|x64
		{CDE17D64-9FC3-4374-A4A8-90DBCC852485}.Release|x64.Build.0 = Release|x64
		{CDE17D64-9FC3-4374-A4A8-90DBCC852485}.Release|x86.ActiveCfg = Release|Win32
		{CDE17D64-9FC3-4374-A4A8-90DBCC852485}.Release|x86.Build.0 = Release|Win32
		{78A8DAD4-2401-4DA3-83DC-17D587A5C945}.Debug|x64.ActiveCfg = Debug|x64
		{78A8DAD4-2401-4DA3-83DC-17D587A5C945}.Debug|x64.Build.0 = Debug|x64
		{78A8DAD4-2401-4DA3-83DC-17D587A5C945}.Debug|x86.ActiveCfg = Debug|Win32
		{78A8DAD4-2401-4DA3-83DC-17D587A5C945}.Debug|x86.Build.0 = Debug|Win32
		{78A8DAD4-2401-4DA3-83DC-17D587A5C945}.Release|x64.ActiveCfg = Release|x64
		{78A8DAD4-2401-4DA3-83DC-17D587A5C945}.Release|x64.Build.0 = Release|x64
		{78A8DAD4-2401-4DA3-83DC-17D587A5C945}.Release|x86.ActiveCfg = Release|Win32
		{78A8DAD4-2401-4DA3-83DC-17D587A5C945}.Release|x86.Build.0 = Release|Win32
		{DBCAA0FC-DA69-4A7B-AECD-070D0C6B5BD5}.Debug|x64.ActiveCfg = Debug|x64
		{DBCAA0FC-DA69-4A7B-AECD-070D0C6B5BD5}.Debug|x64.Build.0 = Debug|x64
		{DBCAA0FC-DA69-4A7B-AECD-070D0C6B5BD5}.Debug|x86.ActiveCfg = Debug|Win32
		{DBCAA0FC-DA69-4A7B-AECD-070D0C6B5BD5}.Debug|x86.Build.0 = Debug|Win32
		{DBCAA0FC-DA69-4A7B-AECD-070D0C6B5BD5}.Release|x64.ActiveCfg = Release|x64
		{DBCAA0FC-DA69-4A7B-AECD-070D0C6B5BD5}.Release|x64.Build.0 = Release|x64
		{DBCAA0FC-DA69-4A7B-AECD-070D0C6B5BD5}.Release|x86.ActiveCfg = Release|Win32
		{DBCAA0FC-DA69-4A7B-AECD-070D0C6B5BD5}.Release|x86.Build.0 = Release|Win32
		{BB0DA7ED-0DBD-4B39-BB07-8B8875F899E7}.Debug|x64.ActiveCfg = Debug|x64
		{BB0DA7ED-0DBD-4B39-BB07-8B8875F899E7}.Debug|x64.Build.0 = Debug|x64
		{BB0DA7ED-0DBD-4B39-BB07-8B8875F899E7}.Debug|x86.ActiveCfg = Debug|Win32
		{BB0DA7ED-0DBD-4B39-BB07-8B8875F899E7}.Debug|x86.Build.0 = Debug|Win32
		{BB0DA7ED-0DBD-4B39-BB07-8B8875F899E7}.Release|x64.ActiveCfg = Release|x64
		{BB0DA7ED-0DBD-4B39-BB07-8B8875F899E7}.Release|x64.Build.0 = Release|x64
		{BB0DA7ED-0DBD-4B39-BB07-8B8875F899E7}.Release|x86.ActiveCfg = Release|Win32
		{BB0DA7ED-0DBD-4B39-BB07-8B8875F899E7}.Release|x86.Build.0 = Release|Win32
		{C76611AC-F83A-4370-B478-8F2A5639AEBF}.Debug|x64.ActiveCfg = Debug|x64
		{C76611AC-F83A-4370-B478-8F2A5639AEBF}.Debug|x64.Build.0 = Debug|x64
		{C76611AC-F83A-4370-B478-8F2A5639AEBF}.Debug|x86.ActiveCfg = Debug|Win32
		{C76611AC-F83A-4370-B478-8F2A5639AEBF}.Debug|x86.Build.0 = Debug|Win32
		{C76611AC-F83A-4370-B478-8F2A5639AEBF}.Release|x64.ActiveCfg = Release|x64
		{C76611AC-F83A-4370-B478-8F2A5639AEBF}.Release|x64.Build.0 = Release|x64
		{C76611AC-F83A-4370-B478-8F2A5639AEBF}.Release|x86.ActiveCfg = Release|Win32
		{C76611AC-F83A-4370-B478-8F2A5639AEBF}.Release|x86.Build.0 = Release|Win32
		{EC4F4B4E-01A9-411A-B438-B293D31EA2E8}.Debug|x64.ActiveCfg = Debug|x64
		{EC4F4B4E-01A9-411A-B438-B293D31EA2E8}.Debug|x64.Build.0 = Debug|x64
		{EC4F4B4E-01A9-411A-B438-B293D31EA2E8}.Debug|x86.ActiveCfg = Debug|Win32
		{EC4F4B4E-01A9-411A-B438-B293D31EA2E8}.Debug|x86.Build.0 = Debug|Win32
		{EC4F4B4E-01A9-411A-B438-B293D31EA2E8}.Release|x64.ActiveCfg = Release|x64
		{EC4F4B4E-01A9-411A-B438-B293D31EA2E8}.Release|x64.Build.0 = Release|x64
		{EC4F4B4E-01A9-411A-B438-B293D31EA2E8}.Release|x86.ActiveCfg = Release|Win32
		{EC4F4B4E-01A9-411A-B438-B293D31EA2E8}.Release|x86.Build.0 = Release|Win32
		{7087650A-3C63-4865-AE8C-A256030F8CA1}.Debug|x64.ActiveCfg = Debug|x64
		{7087650A-3C63-4865-AE8C-A256030F8CA1}.Debug|x64.Build.0 = Debug|x64
		{7087650A-3C63-4865-AE8C-A256030F8CA1}.Debug|x86.ActiveCfg = Debug|Win32
		{7087650A-3C63-4865-AE8C-A256030F8CA1}.Debug|x86.Build.0 = Debug|Win32
		{7087650A-3C63-4865-AE8C-A256030F8CA1}.Release|x64.ActiveCfg = Release|x64
		{7087650A-3C63-4865-AE8C-A256030F8CA1}.Release|x64.Build.0 = Release|x64
		{7087650A-3C63-4865-AE8C-A256030F8CA1}.Release|x86.ActiveCfg = Release|Win32
		{7087650A-3C63-4865-AE8C-A256030F8CA1}.Release|x86.Build.0 = Release|Win32
		{07A5FE1F-AA2F-4BED-B0CF-C99052701A9F}.Debug|x64.ActiveCfg = Debug|x64
		{07A5FE1F-AA2F-4BED-B0CF-C99052701A9F}.Debug|x64.Build.0 = Debug|x64
		{07A5FE1F-AA2F-4BED-B0CF-C99052701A9F}.Debug|x86.ActiveCfg = Debug|Win32
		{07A5FE1F-AA2F-4BED-B0CF-C99052701A9F}.Debug|x86.Build.0 = Debug|Win32
		{07A5FE1F-AA2F-4BED-B0CF-C99052701A9F}.Release|x64.ActiveCfg = Release|x64
		{07A5FE1F-AA2F-4BED-B0CF-C99052701A9F}.Release|x64.Build.0 = Release|x64
		{07A5FE1F-AA2F-4BED-B0CF-C99052701A9F}.Release|x86.ActiveCfg = Release|Win32
		{07A5FE1F-AA2F-4BED-B0CF-C99052701A9F}.Release|x86.Build.0 = Release|Win32
		{A9EC2C6C-A150-4F1C-AA76-7D7F8E6542E7}.Debug|x64.ActiveCfg = Debug|x64
		{A9EC2C6C-A150-4F1C-AA76-7D7F8E6542E7}.Debug|x64.Build.0 = Debug|x64
		{A9EC2C6C-A150-4F1C-AA76-7D7F8E6542E7}.Debug|x86.ActiveCfg = Debug|Win32
		{A9EC2C6C-A150-4F1C-AA76-7D7F8E6542E7}.Debug|x86.Build.0 = Debug|Win32
		{A9EC2C6C-A150-4F1C-AA76-7D7F8E6542E7}.Release|x64.ActiveCfg = Release|x64
		{A9EC2C6C-A150-4F1C-AA76-7D7F8E6542E7}.Release|x64.Build.0 = Release|x64
		{A9EC2C6C-A150-4F1C-AA76-7D7F8E6542E7}.Release|x86.ActiveCfg = Release|Win32
		{A9EC2C6C-A150-4F1C-AA76-7D7F8E6542E7}.Release|x86.Build.0 = Release|Win32
		{6F91BB3A-586C-420F-88DE-15C940924F25}.Debug|x64.ActiveCfg = Debug|x64
		{6F91BB3A-586C-420F-88DE-15C940924F25}.Debug|x64.Build.0 = Debug|x64
		{6F91BB3A-586C-420F-88DE-15C940924F25}.Debug|x86.ActiveCfg = Debug|Win32
		{6F91BB3A-586C-420F-88DE-15C940924F25}.Debug|x86.Build.0 = Debug|Win32
		{6F91BB3A-586C-420F-88DE-15C940924F25}.Release|x64.ActiveCfg = Release|x64
		{6F91BB3A-586C-420F-88DE-15C940924F25}.Release|x64.Build.0 = Release|x64
		{6F91BB3A-586C-420F-88DE-15C940924F25}.Release|x86.ActiveCfg = Release|Win32
		{6F91BB3A-586C-420F-88DE-15C940924F25}.Release|x86.Build.0 = Release|Win32
		{65B6A942-A85F-4159-995F-D4968E46C603}.Debug|x64.ActiveCfg = Debug|x64
		{65B6A942-A85F-4159-995F-D4968E46C603}.Debug|x64.Build.0 = Debug|x64
		{65B6A942-A85F-4159-995F-D4968E46C603}.Debug|x86.ActiveCfg = Debug|Win32
		{65B6A942-A85F-4159-995F-D4968E46C603}.Debug|x86.Build.0 = Debug|Win32
		{65B6A942-A85F-4159-995F-D4968E46C603}.Release|x64.ActiveCfg = Release|x64
		{65B6A942-A85F-4159-995F-D4968E46C603}.Release|x64.Build.0 = Release|x64
		{65B6A942-A85F-4159-995F-D4968E46C603}.Release|x86.ActiveCfg = Release|Win32
		{65B6A942-A85F-4159-995F-D4968E46C603}.Release|x86.Build.0 = Release|Win32
		{78552027-9403-4EBF-91F4-FF39FB6B6F15}.Debug|x64.ActiveCfg = Debug|x64
		{78552027-9403-4EBF-91F4-FF39FB6B6F15}.Debug|x64.Build.0 = Debug|x64
		{78552027-9403-4EBF-91F4-FF39FB6B6F15}.Debug|x86.ActiveCfg = Debug|Win32
		{78552027-9403-4EBF-91F4-FF39FB6B6F15}.Debug|x86.Build.0 = Debug|Win32
		{78552027-9403-4EBF-91F4-FF39FB6B6F15}.Release|x64.ActiveCfg = Release|x64
		{78552027-9403-4EBF-91F4-FF39FB6B6F15}.Release|x64.Build.0 = Release|x64
		{78552027-9403-4EBF-91F4-FF39FB6B6F15}.Release|x86.ActiveCfg = Release|Win32
		{78552027-9403-4EBF-91F4-FF39FB6B6F15}.Release|x86.Build.0 = Release|Win32
		{A79E7B6D-5CFF-453A-B1B9-30B125CDB966}.Debug|x64.ActiveCfg = Debug|x64
		{A79E7B6D-5CFF-453A-B1B9-30B125CDB966}.Debug|x64.Build.0 = Debug|x64
		{A79E7B6D-5CFF-453A-B1B9-30B125CDB966}.Debug|x86.ActiveCfg = Debug|Win32
		{A79E7B6D-5CFF-453A-B1B9-30B125CDB966}.Debug|x86.Build.0 = Debug|Win32
		{A79E7B6D-5CFF-453A-B1B9-30B125CDB966}.Release|x64.ActiveCfg = Release|x64
		{A79E7B6D-5CFF-453A-B1B9-30B125CDB966}.Release|x64.Build.0 = Release|x64
		{A79E7B6D-5CFF-453A-B1B9-30B125CDB966}.Release|x86.ActiveCfg = Release|Win32
		{A79E7B6D-5CFF-453A-B1B9-30B125CDB966}.Release|x86.Build.0 = Release|Win32
		{C51E85BE-3A61-4666-854E-FFE24A058B2F}.Debug|x64.ActiveCfg = Debug|x64
		{C51E85BE-3A61-4666-854E-FFE24A058B2F}.Debug|x64.Build.0 = Debug|x64
		{C51E85BE-3A61-4666-854E-FFE24A058B2F}.Debug|x86.ActiveCfg = Debug|Win32
		{C51E85BE-3A61-4666-854E-FFE24A058B2F}.Debug|x86.Build.0 = Debug|Win32
		{C51E85BE-3A61-4666-854E-FFE24A058B2F}.Release|x64.ActiveCfg = Release|x64
		{C51E85BE-3A61-4666-854E-FFE24A058B2F}.Release|x64.Build.0 = Release|x64
		{C51E85BE-3A61-4666-854E-FFE24A058B2F}.Release|x86.ActiveCfg = Release|Win32
		{C51E85BE-3A61-4666-854E-FFE24A058B2F}.Release|x86.Build.0 = Release|Win32
		{2B3E6FA6-E881-4F20-BAA0-43D1EF41D6F1}.Debug|x64.ActiveCfg = Debug|x64
		{2B3E6FA6-E881-4F20-BAA0-43D1EF41D6F1}.Debug|x64.Build.0 = Debug|x64
		{2B3E6FA6-E881-4F20-BAA0-43D1EF41D6F1}.Debug|x86.ActiveCfg = Debug|Win32
		{2B3E6FA6-E881-4F20-BAA0-43D1EF41D6F1}.Debug|x86.Build.0 = Debug|Win32
		{2B3E6FA6-E881-4F20-BAA0-43D1EF41D6F1}.Release|x64.ActiveCfg = Release|x64
		{2B3E6FA6-E881-4F20-BAA0-43D1EF41D6F1}.Release|x64.Build.0 = Release|x64
		{2B3E6FA6-E881-4F20-BAA0-43D1EF41D6F1}.Release|x86.ActiveCfg = Release|Win32
		{2B3E6FA6-E881-4F20-BAA0-43D1EF41D6F1}.Release|x86.Build.0 = Release|Win32
		{1A9E1D93-6F4F-4EBD-8EA8-5019A57578D7}.Debug|x64.ActiveCfg = Debug|x64
		{1A9E1D93-6F4F-4EBD-8EA8-5019A57578D7}.Debug|x64.Build.0 = Debug|x64
		{1A9E1D93-6F4F-4EBD-8EA8-5019A57578D7}.Debug|x86.ActiveCfg = Debug|Win32
		{1A9E1D93-6F4F-4EBD-8EA8-5019A57578D7}.Debug|x86.Build.0 = Debug|Win32
		{1A9E1D93-6F4F-4EBD-8EA8-5019A57578D7}.Release|x64.ActiveCfg = Release|x64
		{1A9E1D93-6F4F-4EBD-8EA8-5019A57578D7}.Release|x64.Build.0 = Release|x64
		{1A9E1D93-6F4F-4EBD-8EA8-5019A57578D7}.Release|x86.ActiveCfg = Release|Win32
		{1A9E1D93-6F4F-4EBD-8EA8-5019A57578D7}.Release|x86.Build.0 = Release|Win32
		{405BB37A-8BE1-4DAD-9283-B36AE6189E9B}.Debug|x64.ActiveCfg = Debug|x64
		{405BB37A-8BE1-4DAD-9283-B36AE6189E9B}.Debug|x64.Build.0 = Debug|x64
		{405BB37A-8BE1-4DAD-9283-B36AE6189E9B}.Debug|x86.ActiveCfg = Debug|Win32
		{405BB37A-8BE1-4DAD-9283-B36AE6189E9B}.Debug|x86.Build.0 = Debug|Win32
		{405BB37A-8BE1-4DAD-9283-B36AE6189E9B}.Release|x64.ActiveCfg = Release|x64
		{405BB37A-8BE1-4DAD-9283-B36AE6189E9B}.Release|x64.Build.0 = Release|x64
		{405BB37A-8BE1-4DAD-9283-B36AE6189E9B}.Release|x86.ActiveCfg = Release|Win32
		{405BB37A-8BE1-4DAD-9283-B36AE6189E9B}.Release|x86.Build.0 = Release|Win32
	EndGlobalSection
	GlobalSection(SolutionProperties) = preSolution
		HideSolutionNode = FALSE
	EndGlobalSection
	GlobalSection(ExtensibilityGlobals) = postSolution
		SolutionGuid = {4E610FFA-378C-4417-AAFE-ABAED8D8CF0F}
	EndGlobalSection
EndGlobal
