
Microsoft Visual Studio Solution File, Format Version 12.00
# Visual Studio Version 17
VisualStudioVersion = 17.7.34221.43
MinimumVisualStudioVersion = 10.0.40219.1
Project("{8BC9CEB8-8B4A-11D0-8D11-00A0C91BC942}") = "BT1", "BT1\BT1.vcxproj", "{2CC09EE7-6CB2-4828-B674-3D3D40C8F9A2}"
EndProject
Project("{8BC9CEB8-8B4A-11D0-8D11-00A0C91BC942}") = "BT2", "BT2\BT2.vcxproj", "{35001FB6-D1A4-4020-B7A6-2FCF215955C9}"
EndProject
Global
	GlobalSection(SolutionConfigurationPlatforms) = preSolution
		Debug|x64 = Debug|x64
		Debug|x86 = Debug|x86
		Release|x64 = Release|x64
		Release|x86 = Release|x86
	EndGlobalSection
	GlobalSection(ProjectConfigurationPlatforms) = postSolution
		{2CC09EE7-6CB2-4828-B674-3D3D40C8F9A2}.Debug|x64.ActiveCfg = Debug|x64
		{2CC09EE7-6CB2-4828-B674-3D3D40C8F9A2}.Debug|x64.Build.0 = Debug|x64
		{2CC09EE7-6CB2-4828-B674-3D3D40C8F9A2}.Debug|x86.ActiveCfg = Debug|Win32
		{2CC09EE7-6CB2-4828-B674-3D3D40C8F9A2}.Debug|x86.Build.0 = Debug|Win32
		{2CC09EE7-6CB2-4828-B674-3D3D40C8F9A2}.Release|x64.ActiveCfg = Release|x64
		{2CC09EE7-6CB2-4828-B674-3D3D40C8F9A2}.Release|x64.Build.0 = Release|x64
		{2CC09EE7-6CB2-4828-B674-3D3D40C8F9A2}.Release|x86.ActiveCfg = Release|Win32
		{2CC09EE7-6CB2-4828-B674-3D3D40C8F9A2}.Release|x86.Build.0 = Release|Win32
		{35001FB6-D1A4-4020-B7A6-2FCF215955C9}.Debug|x64.ActiveCfg = Debug|x64
		{35001FB6-D1A4-4020-B7A6-2FCF215955C9}.Debug|x64.Build.0 = Debug|x64
		{35001FB6-D1A4-4020-B7A6-2FCF215955C9}.Debug|x86.ActiveCfg = Debug|Win32
		{35001FB6-D1A4-4020-B7A6-2FCF215955C9}.Debug|x86.Build.0 = Debug|Win32
		{35001FB6-D1A4-4020-B7A6-2FCF215955C9}.Release|x64.ActiveCfg = Release|x64
		{35001FB6-D1A4-4020-B7A6-2FCF215955C9}.Release|x64.Build.0 = Release|x64
		{35001FB6-D1A4-4020-B7A6-2FCF215955C9}.Release|x86.ActiveCfg = Release|Win32
		{35001FB6-D1A4-4020-B7A6-2FCF215955C9}.Release|x86.Build.0 = Release|Win32
	EndGlobalSection
	GlobalSection(SolutionProperties) = preSolution
		HideSolutionNode = FALSE
	EndGlobalSection
	GlobalSection(ExtensibilityGlobals) = postSolution
		SolutionGuid = {E1CB3BEC-E375-451D-BE78-E735CC8DD85F}
	EndGlobalSection
EndGlobal
