
Microsoft Visual Studio Solution File, Format Version 12.00
# Visual Studio Version 17
VisualStudioVersion = 17.6.33723.286
MinimumVisualStudioVersion = 10.0.40219.1
Project("{8BC9CEB8-8B4A-11D0-8D11-00A0C91BC942}") = "B1", "B1\B1.vcxproj", "{7EAE3350-C83C-49F8-9E1B-8E9A38B461E6}"
EndProject
Project("{8BC9CEB8-8B4A-11D0-8D11-00A0C91BC942}") = "B2", "B2\B2.vcxproj", "{BD4CA6BB-E219-4C4B-AF9A-ADB48C299E81}"
EndProject
Project("{8BC9CEB8-8B4A-11D0-8D11-00A0C91BC942}") = "B3", "B3\B3.vcxproj", "{32E82A1D-AD07-4EC1-8535-280C4614A54A}"
EndProject
Project("{8BC9CEB8-8B4A-11D0-8D11-00A0C91BC942}") = "B4", "B4\B4.vcxproj", "{F9709631-CB39-4DDC-909F-9D3A45D3F062}"
EndProject
Project("{8BC9CEB8-8B4A-11D0-8D11-00A0C91BC942}") = "B5", "B5\B5.vcxproj", "{7BDD1182-B27C-4280-8E6F-E987A6E7EF06}"
EndProject
Project("{8BC9CEB8-8B4A-11D0-8D11-00A0C91BC942}") = "B6", "B6\B6.vcxproj", "{8E06B2EC-3AAB-4597-AC4E-787C5673CA7E}"
EndProject
Project("{8BC9CEB8-8B4A-11D0-8D11-00A0C91BC942}") = "B7", "B7\B7.vcxproj", "{8B2F59BB-9BCA-4BA7-A4AB-F1BB6FC6E742}"
EndProject
Project("{8BC9CEB8-8B4A-11D0-8D11-00A0C91BC942}") = "B8", "B8\B8.vcxproj", "{4408DEFC-3F18-4CAB-8596-2EEAC50BBC56}"
EndProject
Global
	GlobalSection(SolutionConfigurationPlatforms) = preSolution
		Debug|x64 = Debug|x64
		Debug|x86 = Debug|x86
		Release|x64 = Release|x64
		Release|x86 = Release|x86
	EndGlobalSection
	GlobalSection(ProjectConfigurationPlatforms) = postSolution
		{7EAE3350-C83C-49F8-9E1B-8E9A38B461E6}.Debug|x64.ActiveCfg = Debug|x64
		{7EAE3350-C83C-49F8-9E1B-8E9A38B461E6}.Debug|x64.Build.0 = Debug|x64
		{7EAE3350-C83C-49F8-9E1B-8E9A38B461E6}.Debug|x86.ActiveCfg = Debug|Win32
		{7EAE3350-C83C-49F8-9E1B-8E9A38B461E6}.Debug|x86.Build.0 = Debug|Win32
		{7EAE3350-C83C-49F8-9E1B-8E9A38B461E6}.Release|x64.ActiveCfg = Release|x64
		{7EAE3350-C83C-49F8-9E1B-8E9A38B461E6}.Release|x64.Build.0 = Release|x64
		{7EAE3350-C83C-49F8-9E1B-8E9A38B461E6}.Release|x86.ActiveCfg = Release|Win32
		{7EAE3350-C83C-49F8-9E1B-8E9A38B461E6}.Release|x86.Build.0 = Release|Win32
		{BD4CA6BB-E219-4C4B-AF9A-ADB48C299E81}.Debug|x64.ActiveCfg = Debug|x64
		{BD4CA6BB-E219-4C4B-AF9A-ADB48C299E81}.Debug|x64.Build.0 = Debug|x64
		{BD4CA6BB-E219-4C4B-AF9A-ADB48C299E81}.Debug|x86.ActiveCfg = Debug|Win32
		{BD4CA6BB-E219-4C4B-AF9A-ADB48C299E81}.Debug|x86.Build.0 = Debug|Win32
		{BD4CA6BB-E219-4C4B-AF9A-ADB48C299E81}.Release|x64.ActiveCfg = Release|x64
		{BD4CA6BB-E219-4C4B-AF9A-ADB48C299E81}.Release|x64.Build.0 = Release|x64
		{BD4CA6BB-E219-4C4B-AF9A-ADB48C299E81}.Release|x86.ActiveCfg = Release|Win32
		{BD4CA6BB-E219-4C4B-AF9A-ADB48C299E81}.Release|x86.Build.0 = Release|Win32
		{32E82A1D-AD07-4EC1-8535-280C4614A54A}.Debug|x64.ActiveCfg = Debug|x64
		{32E82A1D-AD07-4EC1-8535-280C4614A54A}.Debug|x64.Build.0 = Debug|x64
		{32E82A1D-AD07-4EC1-8535-280C4614A54A}.Debug|x86.ActiveCfg = Debug|Win32
		{32E82A1D-AD07-4EC1-8535-280C4614A54A}.Debug|x86.Build.0 = Debug|Win32
		{32E82A1D-AD07-4EC1-8535-280C4614A54A}.Release|x64.ActiveCfg = Release|x64
		{32E82A1D-AD07-4EC1-8535-280C4614A54A}.Release|x64.Build.0 = Release|x64
		{32E82A1D-AD07-4EC1-8535-280C4614A54A}.Release|x86.ActiveCfg = Release|Win32
		{32E82A1D-AD07-4EC1-8535-280C4614A54A}.Release|x86.Build.0 = Release|Win32
		{F9709631-CB39-4DDC-909F-9D3A45D3F062}.Debug|x64.ActiveCfg = Debug|x64
		{F9709631-CB39-4DDC-909F-9D3A45D3F062}.Debug|x64.Build.0 = Debug|x64
		{F9709631-CB39-4DDC-909F-9D3A45D3F062}.Debug|x86.ActiveCfg = Debug|Win32
		{F9709631-CB39-4DDC-909F-9D3A45D3F062}.Debug|x86.Build.0 = Debug|Win32
		{F9709631-CB39-4DDC-909F-9D3A45D3F062}.Release|x64.ActiveCfg = Release|x64
		{F9709631-CB39-4DDC-909F-9D3A45D3F062}.Release|x64.Build.0 = Release|x64
		{F9709631-CB39-4DDC-909F-9D3A45D3F062}.Release|x86.ActiveCfg = Release|Win32
		{F9709631-CB39-4DDC-909F-9D3A45D3F062}.Release|x86.Build.0 = Release|Win32
		{7BDD1182-B27C-4280-8E6F-E987A6E7EF06}.Debug|x64.ActiveCfg = Debug|x64
		{7BDD1182-B27C-4280-8E6F-E987A6E7EF06}.Debug|x64.Build.0 = Debug|x64
		{7BDD1182-B27C-4280-8E6F-E987A6E7EF06}.Debug|x86.ActiveCfg = Debug|Win32
		{7BDD1182-B27C-4280-8E6F-E987A6E7EF06}.Debug|x86.Build.0 = Debug|Win32
		{7BDD1182-B27C-4280-8E6F-E987A6E7EF06}.Release|x64.ActiveCfg = Release|x64
		{7BDD1182-B27C-4280-8E6F-E987A6E7EF06}.Release|x64.Build.0 = Release|x64
		{7BDD1182-B27C-4280-8E6F-E987A6E7EF06}.Release|x86.ActiveCfg = Release|Win32
		{7BDD1182-B27C-4280-8E6F-E987A6E7EF06}.Release|x86.Build.0 = Release|Win32
		{8E06B2EC-3AAB-4597-AC4E-787C5673CA7E}.Debug|x64.ActiveCfg = Debug|x64
		{8E06B2EC-3AAB-4597-AC4E-787C5673CA7E}.Debug|x64.Build.0 = Debug|x64
		{8E06B2EC-3AAB-4597-AC4E-787C5673CA7E}.Debug|x86.ActiveCfg = Debug|Win32
		{8E06B2EC-3AAB-4597-AC4E-787C5673CA7E}.Debug|x86.Build.0 = Debug|Win32
		{8E06B2EC-3AAB-4597-AC4E-787C5673CA7E}.Release|x64.ActiveCfg = Release|x64
		{8E06B2EC-3AAB-4597-AC4E-787C5673CA7E}.Release|x64.Build.0 = Release|x64
		{8E06B2EC-3AAB-4597-AC4E-787C5673CA7E}.Release|x86.ActiveCfg = Release|Win32
		{8E06B2EC-3AAB-4597-AC4E-787C5673CA7E}.Release|x86.Build.0 = Release|Win32
		{8B2F59BB-9BCA-4BA7-A4AB-F1BB6FC6E742}.Debug|x64.ActiveCfg = Debug|x64
		{8B2F59BB-9BCA-4BA7-A4AB-F1BB6FC6E742}.Debug|x64.Build.0 = Debug|x64
		{8B2F59BB-9BCA-4BA7-A4AB-F1BB6FC6E742}.Debug|x86.ActiveCfg = Debug|Win32
		{8B2F59BB-9BCA-4BA7-A4AB-F1BB6FC6E742}.Debug|x86.Build.0 = Debug|Win32
		{8B2F59BB-9BCA-4BA7-A4AB-F1BB6FC6E742}.Release|x64.ActiveCfg = Release|x64
		{8B2F59BB-9BCA-4BA7-A4AB-F1BB6FC6E742}.Release|x64.Build.0 = Release|x64
		{8B2F59BB-9BCA-4BA7-A4AB-F1BB6FC6E742}.Release|x86.ActiveCfg = Release|Win32
		{8B2F59BB-9BCA-4BA7-A4AB-F1BB6FC6E742}.Release|x86.Build.0 = Release|Win32
		{4408DEFC-3F18-4CAB-8596-2EEAC50BBC56}.Debug|x64.ActiveCfg = Debug|x64
		{4408DEFC-3F18-4CAB-8596-2EEAC50BBC56}.Debug|x64.Build.0 = Debug|x64
		{4408DEFC-3F18-4CAB-8596-2EEAC50BBC56}.Debug|x86.ActiveCfg = Debug|Win32
		{4408DEFC-3F18-4CAB-8596-2EEAC50BBC56}.Debug|x86.Build.0 = Debug|Win32
		{4408DEFC-3F18-4CAB-8596-2EEAC50BBC56}.Release|x64.ActiveCfg = Release|x64
		{4408DEFC-3F18-4CAB-8596-2EEAC50BBC56}.Release|x64.Build.0 = Release|x64
		{4408DEFC-3F18-4CAB-8596-2EEAC50BBC56}.Release|x86.ActiveCfg = Release|Win32
		{4408DEFC-3F18-4CAB-8596-2EEAC50BBC56}.Release|x86.Build.0 = Release|Win32
	EndGlobalSection
	GlobalSection(SolutionProperties) = preSolution
		HideSolutionNode = FALSE
	EndGlobalSection
	GlobalSection(ExtensibilityGlobals) = postSolution
		SolutionGuid = {8168D669-E77D-4171-A6D4-8986EAD36BF3}
	EndGlobalSection
EndGlobal
