
Microsoft Visual Studio Solution File, Format Version 12.00
# Visual Studio Version 17
VisualStudioVersion = 17.5.33627.172
MinimumVisualStudioVersion = 10.0.40219.1
Project("{8BC9CEB8-8B4A-11D0-8D11-00A0C91BC942}") = "BT1", "BT1\BT1.vcxproj", "{E0414AA4-E7BF-4A04-9586-87B335DC0A10}"
EndProject
Project("{8BC9CEB8-8B4A-11D0-8D11-00A0C91BC942}") = "BT2", "BT2\BT2.vcxproj", "{EDCD9FD5-D842-49D4-B41E-A90125B801BB}"
EndProject
Project("{8BC9CEB8-8B4A-11D0-8D11-00A0C91BC942}") = "BT3", "BT3\BT3.vcxproj", "{0AB6E262-AE12-464F-A367-F39B55D65653}"
EndProject
Project("{8BC9CEB8-8B4A-11D0-8D11-00A0C91BC942}") = "BT4", "BT4\BT4.vcxproj", "{5B844184-F8F6-45CB-9166-F13AA9F45467}"
EndProject
Project("{8BC9CEB8-8B4A-11D0-8D11-00A0C91BC942}") = "BT5", "BT5\BT5.vcxproj", "{C1BB6DAA-195E-4C4A-90A6-76EFBE342A88}"
EndProject
Project("{8BC9CEB8-8B4A-11D0-8D11-00A0C91BC942}") = "BT6", "BT6\BT6.vcxproj", "{4DBBE559-20F0-4296-BE19-FCB7C8A465FF}"
EndProject
Project("{8BC9CEB8-8B4A-11D0-8D11-00A0C91BC942}") = "BT7", "BT7\BT7.vcxproj", "{D047877A-B2D9-4CFC-AEB5-FB765E2A4428}"
EndProject
Project("{8BC9CEB8-8B4A-11D0-8D11-00A0C91BC942}") = "BT8", "BT8\BT8.vcxproj", "{5A93C813-39CF-483C-A9C7-C62F5B886107}"
EndProject
Global
	GlobalSection(SolutionConfigurationPlatforms) = preSolution
		Debug|x64 = Debug|x64
		Debug|x86 = Debug|x86
		Release|x64 = Release|x64
		Release|x86 = Release|x86
	EndGlobalSection
	GlobalSection(ProjectConfigurationPlatforms) = postSolution
		{E0414AA4-E7BF-4A04-9586-87B335DC0A10}.Debug|x64.ActiveCfg = Debug|x64
		{E0414AA4-E7BF-4A04-9586-87B335DC0A10}.Debug|x64.Build.0 = Debug|x64
		{E0414AA4-E7BF-4A04-9586-87B335DC0A10}.Debug|x86.ActiveCfg = Debug|Win32
		{E0414AA4-E7BF-4A04-9586-87B335DC0A10}.Debug|x86.Build.0 = Debug|Win32
		{E0414AA4-E7BF-4A04-9586-87B335DC0A10}.Release|x64.ActiveCfg = Release|x64
		{E0414AA4-E7BF-4A04-9586-87B335DC0A10}.Release|x64.Build.0 = Release|x64
		{E0414AA4-E7BF-4A04-9586-87B335DC0A10}.Release|x86.ActiveCfg = Release|Win32
		{E0414AA4-E7BF-4A04-9586-87B335DC0A10}.Release|x86.Build.0 = Release|Win32
		{EDCD9FD5-D842-49D4-B41E-A90125B801BB}.Debug|x64.ActiveCfg = Debug|x64
		{EDCD9FD5-D842-49D4-B41E-A90125B801BB}.Debug|x64.Build.0 = Debug|x64
		{EDCD9FD5-D842-49D4-B41E-A90125B801BB}.Debug|x86.ActiveCfg = Debug|Win32
		{EDCD9FD5-D842-49D4-B41E-A90125B801BB}.Debug|x86.Build.0 = Debug|Win32
		{EDCD9FD5-D842-49D4-B41E-A90125B801BB}.Release|x64.ActiveCfg = Release|x64
		{EDCD9FD5-D842-49D4-B41E-A90125B801BB}.Release|x64.Build.0 = Release|x64
		{EDCD9FD5-D842-49D4-B41E-A90125B801BB}.Release|x86.ActiveCfg = Release|Win32
		{EDCD9FD5-D842-49D4-B41E-A90125B801BB}.Release|x86.Build.0 = Release|Win32
		{0AB6E262-AE12-464F-A367-F39B55D65653}.Debug|x64.ActiveCfg = Debug|x64
		{0AB6E262-AE12-464F-A367-F39B55D65653}.Debug|x64.Build.0 = Debug|x64
		{0AB6E262-AE12-464F-A367-F39B55D65653}.Debug|x86.ActiveCfg = Debug|Win32
		{0AB6E262-AE12-464F-A367-F39B55D65653}.Debug|x86.Build.0 = Debug|Win32
		{0AB6E262-AE12-464F-A367-F39B55D65653}.Release|x64.ActiveCfg = Release|x64
		{0AB6E262-AE12-464F-A367-F39B55D65653}.Release|x64.Build.0 = Release|x64
		{0AB6E262-AE12-464F-A367-F39B55D65653}.Release|x86.ActiveCfg = Release|Win32
		{0AB6E262-AE12-464F-A367-F39B55D65653}.Release|x86.Build.0 = Release|Win32
		{5B844184-F8F6-45CB-9166-F13AA9F45467}.Debug|x64.ActiveCfg = Debug|x64
		{5B844184-F8F6-45CB-9166-F13AA9F45467}.Debug|x64.Build.0 = Debug|x64
		{5B844184-F8F6-45CB-9166-F13AA9F45467}.Debug|x86.ActiveCfg = Debug|Win32
		{5B844184-F8F6-45CB-9166-F13AA9F45467}.Debug|x86.Build.0 = Debug|Win32
		{5B844184-F8F6-45CB-9166-F13AA9F45467}.Release|x64.ActiveCfg = Release|x64
		{5B844184-F8F6-45CB-9166-F13AA9F45467}.Release|x64.Build.0 = Release|x64
		{5B844184-F8F6-45CB-9166-F13AA9F45467}.Release|x86.ActiveCfg = Release|Win32
		{5B844184-F8F6-45CB-9166-F13AA9F45467}.Release|x86.Build.0 = Release|Win32
		{C1BB6DAA-195E-4C4A-90A6-76EFBE342A88}.Debug|x64.ActiveCfg = Debug|x64
		{C1BB6DAA-195E-4C4A-90A6-76EFBE342A88}.Debug|x64.Build.0 = Debug|x64
		{C1BB6DAA-195E-4C4A-90A6-76EFBE342A88}.Debug|x86.ActiveCfg = Debug|Win32
		{C1BB6DAA-195E-4C4A-90A6-76EFBE342A88}.Debug|x86.Build.0 = Debug|Win32
		{C1BB6DAA-195E-4C4A-90A6-76EFBE342A88}.Release|x64.ActiveCfg = Release|x64
		{C1BB6DAA-195E-4C4A-90A6-76EFBE342A88}.Release|x64.Build.0 = Release|x64
		{C1BB6DAA-195E-4C4A-90A6-76EFBE342A88}.Release|x86.ActiveCfg = Release|Win32
		{C1BB6DAA-195E-4C4A-90A6-76EFBE342A88}.Release|x86.Build.0 = Release|Win32
		{4DBBE559-20F0-4296-BE19-FCB7C8A465FF}.Debug|x64.ActiveCfg = Debug|x64
		{4DBBE559-20F0-4296-BE19-FCB7C8A465FF}.Debug|x64.Build.0 = Debug|x64
		{4DBBE559-20F0-4296-BE19-FCB7C8A465FF}.Debug|x86.ActiveCfg = Debug|Win32
		{4DBBE559-20F0-4296-BE19-FCB7C8A465FF}.Debug|x86.Build.0 = Debug|Win32
		{4DBBE559-20F0-4296-BE19-FCB7C8A465FF}.Release|x64.ActiveCfg = Release|x64
		{4DBBE559-20F0-4296-BE19-FCB7C8A465FF}.Release|x64.Build.0 = Release|x64
		{4DBBE559-20F0-4296-BE19-FCB7C8A465FF}.Release|x86.ActiveCfg = Release|Win32
		{4DBBE559-20F0-4296-BE19-FCB7C8A465FF}.Release|x86.Build.0 = Release|Win32
		{D047877A-B2D9-4CFC-AEB5-FB765E2A4428}.Debug|x64.ActiveCfg = Debug|x64
		{D047877A-B2D9-4CFC-AEB5-FB765E2A4428}.Debug|x64.Build.0 = Debug|x64
		{D047877A-B2D9-4CFC-AEB5-FB765E2A4428}.Debug|x86.ActiveCfg = Debug|Win32
		{D047877A-B2D9-4CFC-AEB5-FB765E2A4428}.Debug|x86.Build.0 = Debug|Win32
		{D047877A-B2D9-4CFC-AEB5-FB765E2A4428}.Release|x64.ActiveCfg = Release|x64
		{D047877A-B2D9-4CFC-AEB5-FB765E2A4428}.Release|x64.Build.0 = Release|x64
		{D047877A-B2D9-4CFC-AEB5-FB765E2A4428}.Release|x86.ActiveCfg = Release|Win32
		{D047877A-B2D9-4CFC-AEB5-FB765E2A4428}.Release|x86.Build.0 = Release|Win32
		{5A93C813-39CF-483C-A9C7-C62F5B886107}.Debug|x64.ActiveCfg = Debug|x64
		{5A93C813-39CF-483C-A9C7-C62F5B886107}.Debug|x64.Build.0 = Debug|x64
		{5A93C813-39CF-483C-A9C7-C62F5B886107}.Debug|x86.ActiveCfg = Debug|Win32
		{5A93C813-39CF-483C-A9C7-C62F5B886107}.Debug|x86.Build.0 = Debug|Win32
		{5A93C813-39CF-483C-A9C7-C62F5B886107}.Release|x64.ActiveCfg = Release|x64
		{5A93C813-39CF-483C-A9C7-C62F5B886107}.Release|x64.Build.0 = Release|x64
		{5A93C813-39CF-483C-A9C7-C62F5B886107}.Release|x86.ActiveCfg = Release|Win32
		{5A93C813-39CF-483C-A9C7-C62F5B886107}.Release|x86.Build.0 = Release|Win32
	EndGlobalSection
	GlobalSection(SolutionProperties) = preSolution
		HideSolutionNode = FALSE
	EndGlobalSection
	GlobalSection(ExtensibilityGlobals) = postSolution
		SolutionGuid = {74CBC2A3-54DF-4A70-9EB7-8761126C707D}
	EndGlobalSection
EndGlobal
