
Microsoft Visual Studio Solution File, Format Version 12.00
# Visual Studio Version 17
VisualStudioVersion = 17.7.34003.232
MinimumVisualStudioVersion = 10.0.40219.1
Project("{8BC9CEB8-8B4A-11D0-8D11-00A0C91BC942}") = "BT1", "BT1\BT1.vcxproj", "{0211237D-3097-4448-944A-5F00BC18AF76}"
EndProject
Project("{8BC9CEB8-8B4A-11D0-8D11-00A0C91BC942}") = "BTmau", "BTmau\BTmau.vcxproj", "{F5A0D8BC-7780-447A-BB55-7B821390D1BE}"
EndProject
Project("{8BC9CEB8-8B4A-11D0-8D11-00A0C91BC942}") = "pscuakhay", "pscuakhay\pscuakhay.vcxproj", "{60D12702-C5F7-4B9D-BF11-64AE436678C6}"
EndProject
Project("{8BC9CEB8-8B4A-11D0-8D11-00A0C91BC942}") = "BT2", "BT2\BT2.vcxproj", "{67C9F975-B197-4BE6-963E-CA5D9BBC8E68}"
EndProject
Project("{8BC9CEB8-8B4A-11D0-8D11-00A0C91BC942}") = "BT3", "BT3\BT3.vcxproj", "{0A9F51A1-CC85-4A8B-AC04-3A73874E17CB}"
EndProject
Project("{8BC9CEB8-8B4A-11D0-8D11-00A0C91BC942}") = "BT4", "BT4\BT4.vcxproj", "{B7DCD7D0-F9FF-4257-B10B-B701149BE677}"
EndProject
Project("{8BC9CEB8-8B4A-11D0-8D11-00A0C91BC942}") = "BT5", "BT5\BT5.vcxproj", "{A783900F-48F4-49C5-8DD6-F742D7850F38}"
EndProject
Project("{8BC9CEB8-8B4A-11D0-8D11-00A0C91BC942}") = "BT6", "BT6\BT6.vcxproj", "{8EF3350B-A69C-4085-BBD4-0553B0D005A2}"
EndProject
Global
	GlobalSection(SolutionConfigurationPlatforms) = preSolution
		Debug|x64 = Debug|x64
		Debug|x86 = Debug|x86
		Release|x64 = Release|x64
		Release|x86 = Release|x86
	EndGlobalSection
	GlobalSection(ProjectConfigurationPlatforms) = postSolution
		{0211237D-3097-4448-944A-5F00BC18AF76}.Debug|x64.ActiveCfg = Debug|x64
		{0211237D-3097-4448-944A-5F00BC18AF76}.Debug|x64.Build.0 = Debug|x64
		{0211237D-3097-4448-944A-5F00BC18AF76}.Debug|x86.ActiveCfg = Debug|Win32
		{0211237D-3097-4448-944A-5F00BC18AF76}.Debug|x86.Build.0 = Debug|Win32
		{0211237D-3097-4448-944A-5F00BC18AF76}.Release|x64.ActiveCfg = Release|x64
		{0211237D-3097-4448-944A-5F00BC18AF76}.Release|x64.Build.0 = Release|x64
		{0211237D-3097-4448-944A-5F00BC18AF76}.Release|x86.ActiveCfg = Release|Win32
		{0211237D-3097-4448-944A-5F00BC18AF76}.Release|x86.Build.0 = Release|Win32
		{F5A0D8BC-7780-447A-BB55-7B821390D1BE}.Debug|x64.ActiveCfg = Debug|x64
		{F5A0D8BC-7780-447A-BB55-7B821390D1BE}.Debug|x64.Build.0 = Debug|x64
		{F5A0D8BC-7780-447A-BB55-7B821390D1BE}.Debug|x86.ActiveCfg = Debug|Win32
		{F5A0D8BC-7780-447A-BB55-7B821390D1BE}.Debug|x86.Build.0 = Debug|Win32
		{F5A0D8BC-7780-447A-BB55-7B821390D1BE}.Release|x64.ActiveCfg = Release|x64
		{F5A0D8BC-7780-447A-BB55-7B821390D1BE}.Release|x64.Build.0 = Release|x64
		{F5A0D8BC-7780-447A-BB55-7B821390D1BE}.Release|x86.ActiveCfg = Release|Win32
		{F5A0D8BC-7780-447A-BB55-7B821390D1BE}.Release|x86.Build.0 = Release|Win32
		{60D12702-C5F7-4B9D-BF11-64AE436678C6}.Debug|x64.ActiveCfg = Debug|x64
		{60D12702-C5F7-4B9D-BF11-64AE436678C6}.Debug|x64.Build.0 = Debug|x64
		{60D12702-C5F7-4B9D-BF11-64AE436678C6}.Debug|x86.ActiveCfg = Debug|Win32
		{60D12702-C5F7-4B9D-BF11-64AE436678C6}.Debug|x86.Build.0 = Debug|Win32
		{60D12702-C5F7-4B9D-BF11-64AE436678C6}.Release|x64.ActiveCfg = Release|x64
		{60D12702-C5F7-4B9D-BF11-64AE436678C6}.Release|x64.Build.0 = Release|x64
		{60D12702-C5F7-4B9D-BF11-64AE436678C6}.Release|x86.ActiveCfg = Release|Win32
		{60D12702-C5F7-4B9D-BF11-64AE436678C6}.Release|x86.Build.0 = Release|Win32
		{67C9F975-B197-4BE6-963E-CA5D9BBC8E68}.Debug|x64.ActiveCfg = Debug|x64
		{67C9F975-B197-4BE6-963E-CA5D9BBC8E68}.Debug|x64.Build.0 = Debug|x64
		{67C9F975-B197-4BE6-963E-CA5D9BBC8E68}.Debug|x86.ActiveCfg = Debug|Win32
		{67C9F975-B197-4BE6-963E-CA5D9BBC8E68}.Debug|x86.Build.0 = Debug|Win32
		{67C9F975-B197-4BE6-963E-CA5D9BBC8E68}.Release|x64.ActiveCfg = Release|x64
		{67C9F975-B197-4BE6-963E-CA5D9BBC8E68}.Release|x64.Build.0 = Release|x64
		{67C9F975-B197-4BE6-963E-CA5D9BBC8E68}.Release|x86.ActiveCfg = Release|Win32
		{67C9F975-B197-4BE6-963E-CA5D9BBC8E68}.Release|x86.Build.0 = Release|Win32
		{0A9F51A1-CC85-4A8B-AC04-3A73874E17CB}.Debug|x64.ActiveCfg = Debug|x64
		{0A9F51A1-CC85-4A8B-AC04-3A73874E17CB}.Debug|x64.Build.0 = Debug|x64
		{0A9F51A1-CC85-4A8B-AC04-3A73874E17CB}.Debug|x86.ActiveCfg = Debug|Win32
		{0A9F51A1-CC85-4A8B-AC04-3A73874E17CB}.Debug|x86.Build.0 = Debug|Win32
		{0A9F51A1-CC85-4A8B-AC04-3A73874E17CB}.Release|x64.ActiveCfg = Release|x64
		{0A9F51A1-CC85-4A8B-AC04-3A73874E17CB}.Release|x64.Build.0 = Release|x64
		{0A9F51A1-CC85-4A8B-AC04-3A73874E17CB}.Release|x86.ActiveCfg = Release|Win32
		{0A9F51A1-CC85-4A8B-AC04-3A73874E17CB}.Release|x86.Build.0 = Release|Win32
		{B7DCD7D0-F9FF-4257-B10B-B701149BE677}.Debug|x64.ActiveCfg = Debug|x64
		{B7DCD7D0-F9FF-4257-B10B-B701149BE677}.Debug|x64.Build.0 = Debug|x64
		{B7DCD7D0-F9FF-4257-B10B-B701149BE677}.Debug|x86.ActiveCfg = Debug|Win32
		{B7DCD7D0-F9FF-4257-B10B-B701149BE677}.Debug|x86.Build.0 = Debug|Win32
		{B7DCD7D0-F9FF-4257-B10B-B701149BE677}.Release|x64.ActiveCfg = Release|x64
		{B7DCD7D0-F9FF-4257-B10B-B701149BE677}.Release|x64.Build.0 = Release|x64
		{B7DCD7D0-F9FF-4257-B10B-B701149BE677}.Release|x86.ActiveCfg = Release|Win32
		{B7DCD7D0-F9FF-4257-B10B-B701149BE677}.Release|x86.Build.0 = Release|Win32
		{A783900F-48F4-49C5-8DD6-F742D7850F38}.Debug|x64.ActiveCfg = Debug|x64
		{A783900F-48F4-49C5-8DD6-F742D7850F38}.Debug|x64.Build.0 = Debug|x64
		{A783900F-48F4-49C5-8DD6-F742D7850F38}.Debug|x86.ActiveCfg = Debug|Win32
		{A783900F-48F4-49C5-8DD6-F742D7850F38}.Debug|x86.Build.0 = Debug|Win32
		{A783900F-48F4-49C5-8DD6-F742D7850F38}.Release|x64.ActiveCfg = Release|x64
		{A783900F-48F4-49C5-8DD6-F742D7850F38}.Release|x64.Build.0 = Release|x64
		{A783900F-48F4-49C5-8DD6-F742D7850F38}.Release|x86.ActiveCfg = Release|Win32
		{A783900F-48F4-49C5-8DD6-F742D7850F38}.Release|x86.Build.0 = Release|Win32
		{8EF3350B-A69C-4085-BBD4-0553B0D005A2}.Debug|x64.ActiveCfg = Debug|x64
		{8EF3350B-A69C-4085-BBD4-0553B0D005A2}.Debug|x64.Build.0 = Debug|x64
		{8EF3350B-A69C-4085-BBD4-0553B0D005A2}.Debug|x86.ActiveCfg = Debug|Win32
		{8EF3350B-A69C-4085-BBD4-0553B0D005A2}.Debug|x86.Build.0 = Debug|Win32
		{8EF3350B-A69C-4085-BBD4-0553B0D005A2}.Release|x64.ActiveCfg = Release|x64
		{8EF3350B-A69C-4085-BBD4-0553B0D005A2}.Release|x64.Build.0 = Release|x64
		{8EF3350B-A69C-4085-BBD4-0553B0D005A2}.Release|x86.ActiveCfg = Release|Win32
		{8EF3350B-A69C-4085-BBD4-0553B0D005A2}.Release|x86.Build.0 = Release|Win32
	EndGlobalSection
	GlobalSection(SolutionProperties) = preSolution
		HideSolutionNode = FALSE
	EndGlobalSection
	GlobalSection(ExtensibilityGlobals) = postSolution
		SolutionGuid = {64C8B1C9-0389-4D6D-AD66-C1ACC6AF9D07}
	EndGlobalSection
EndGlobal
