
Microsoft Visual Studio Solution File, Format Version 12.00
# Visual Studio Version 17
VisualStudioVersion = 17.7.34018.315
MinimumVisualStudioVersion = 10.0.40219.1
Project("{8BC9CEB8-8B4A-11D0-8D11-00A0C91BC942}") = "Bai 1", "Bai 1\Bai 1.vcxproj", "{ABB2873C-595E-4F6B-B0FF-996D388257FB}"
EndProject
Project("{8BC9CEB8-8B4A-11D0-8D11-00A0C91BC942}") = "bai 2", "bai 2\bai 2.vcxproj", "{DED7AFB9-E26F-4590-B453-66B80926480C}"
EndProject
Project("{8BC9CEB8-8B4A-11D0-8D11-00A0C91BC942}") = "bai 3", "bai 3\bai 3.vcxproj", "{3BE48DBB-C9F4-4AB3-A99A-72BF2467C952}"
EndProject
Global
	GlobalSection(SolutionConfigurationPlatforms) = preSolution
		Debug|x64 = Debug|x64
		Debug|x86 = Debug|x86
		Release|x64 = Release|x64
		Release|x86 = Release|x86
	EndGlobalSection
	GlobalSection(ProjectConfigurationPlatforms) = postSolution
		{ABB2873C-595E-4F6B-B0FF-996D388257FB}.Debug|x64.ActiveCfg = Debug|x64
		{ABB2873C-595E-4F6B-B0FF-996D388257FB}.Debug|x64.Build.0 = Debug|x64
		{ABB2873C-595E-4F6B-B0FF-996D388257FB}.Debug|x86.ActiveCfg = Debug|Win32
		{ABB2873C-595E-4F6B-B0FF-996D388257FB}.Debug|x86.Build.0 = Debug|Win32
		{ABB2873C-595E-4F6B-B0FF-996D388257FB}.Release|x64.ActiveCfg = Release|x64
		{ABB2873C-595E-4F6B-B0FF-996D388257FB}.Release|x64.Build.0 = Release|x64
		{ABB2873C-595E-4F6B-B0FF-996D388257FB}.Release|x86.ActiveCfg = Release|Win32
		{ABB2873C-595E-4F6B-B0FF-996D388257FB}.Release|x86.Build.0 = Release|Win32
		{DED7AFB9-E26F-4590-B453-66B80926480C}.Debug|x64.ActiveCfg = Debug|x64
		{DED7AFB9-E26F-4590-B453-66B80926480C}.Debug|x64.Build.0 = Debug|x64
		{DED7AFB9-E26F-4590-B453-66B80926480C}.Debug|x86.ActiveCfg = Debug|Win32
		{DED7AFB9-E26F-4590-B453-66B80926480C}.Debug|x86.Build.0 = Debug|Win32
		{DED7AFB9-E26F-4590-B453-66B80926480C}.Release|x64.ActiveCfg = Release|x64
		{DED7AFB9-E26F-4590-B453-66B80926480C}.Release|x64.Build.0 = Release|x64
		{DED7AFB9-E26F-4590-B453-66B80926480C}.Release|x86.ActiveCfg = Release|Win32
		{DED7AFB9-E26F-4590-B453-66B80926480C}.Release|x86.Build.0 = Release|Win32
		{3BE48DBB-C9F4-4AB3-A99A-72BF2467C952}.Debug|x64.ActiveCfg = Debug|x64
		{3BE48DBB-C9F4-4AB3-A99A-72BF2467C952}.Debug|x64.Build.0 = Debug|x64
		{3BE48DBB-C9F4-4AB3-A99A-72BF2467C952}.Debug|x86.ActiveCfg = Debug|Win32
		{3BE48DBB-C9F4-4AB3-A99A-72BF2467C952}.Debug|x86.Build.0 = Debug|Win32
		{3BE48DBB-C9F4-4AB3-A99A-72BF2467C952}.Release|x64.ActiveCfg = Release|x64
		{3BE48DBB-C9F4-4AB3-A99A-72BF2467C952}.Release|x64.Build.0 = Release|x64
		{3BE48DBB-C9F4-4AB3-A99A-72BF2467C952}.Release|x86.ActiveCfg = Release|Win32
		{3BE48DBB-C9F4-4AB3-A99A-72BF2467C952}.Release|x86.Build.0 = Release|Win32
	EndGlobalSection
	GlobalSection(SolutionProperties) = preSolution
		HideSolutionNode = FALSE
	EndGlobalSection
	GlobalSection(ExtensibilityGlobals) = postSolution
		SolutionGuid = {C2AB819E-3304-4E45-9551-882C3C9255CB}
	EndGlobalSection
EndGlobal
