
Microsoft Visual Studio Solution File, Format Version 12.00
# Visual Studio Version 17
VisualStudioVersion = 17.7.34221.43
MinimumVisualStudioVersion = 10.0.40219.1
Project("{8BC9CEB8-8B4A-11D0-8D11-00A0C91BC942}") = "BT1", "BT1\BT1.vcxproj", "{0A5D3AB0-AD94-4F64-867D-0515D46F811B}"
EndProject
Project("{8BC9CEB8-8B4A-11D0-8D11-00A0C91BC942}") = "BT2", "BT2\BT2.vcxproj", "{E9471A3B-6FED-468A-A843-8D3DB1041FF1}"
EndProject
Project("{8BC9CEB8-8B4A-11D0-8D11-00A0C91BC942}") = "BT3", "BT3\BT3.vcxproj", "{7255CAEF-CA62-4302-B27D-8B31DB10EC3E}"
EndProject
Project("{8BC9CEB8-8B4A-11D0-8D11-00A0C91BC942}") = "BT4", "BT4\BT4.vcxproj", "{EA7C2D89-7D37-4E4F-B000-987E01C6EE1E}"
EndProject
Project("{8BC9CEB8-8B4A-11D0-8D11-00A0C91BC942}") = "BT5", "BT5\BT5.vcxproj", "{8FCD0580-0907-40B8-B1D5-87E6FA65E1CE}"
EndProject
Project("{8BC9CEB8-8B4A-11D0-8D11-00A0C91BC942}") = "BT6", "BT6\BT6.vcxproj", "{4E5EDA6F-A063-428E-8264-FE5AD3482597}"
EndProject
Project("{8BC9CEB8-8B4A-11D0-8D11-00A0C91BC942}") = "BT7", "BT7\BT7.vcxproj", "{0CFCB0AD-6457-4613-925D-ABA65ECCA50E}"
EndProject
Project("{8BC9CEB8-8B4A-11D0-8D11-00A0C91BC942}") = "BT8", "BT8\BT8.vcxproj", "{E332D128-729C-451B-8EE1-9CF6F1214DA9}"
EndProject
Global
	GlobalSection(SolutionConfigurationPlatforms) = preSolution
		Debug|x64 = Debug|x64
		Debug|x86 = Debug|x86
		Release|x64 = Release|x64
		Release|x86 = Release|x86
	EndGlobalSection
	GlobalSection(ProjectConfigurationPlatforms) = postSolution
		{0A5D3AB0-AD94-4F64-867D-0515D46F811B}.Debug|x64.ActiveCfg = Debug|x64
		{0A5D3AB0-AD94-4F64-867D-0515D46F811B}.Debug|x64.Build.0 = Debug|x64
		{0A5D3AB0-AD94-4F64-867D-0515D46F811B}.Debug|x86.ActiveCfg = Debug|Win32
		{0A5D3AB0-AD94-4F64-867D-0515D46F811B}.Debug|x86.Build.0 = Debug|Win32
		{0A5D3AB0-AD94-4F64-867D-0515D46F811B}.Release|x64.ActiveCfg = Release|x64
		{0A5D3AB0-AD94-4F64-867D-0515D46F811B}.Release|x64.Build.0 = Release|x64
		{0A5D3AB0-AD94-4F64-867D-0515D46F811B}.Release|x86.ActiveCfg = Release|Win32
		{0A5D3AB0-AD94-4F64-867D-0515D46F811B}.Release|x86.Build.0 = Release|Win32
		{E9471A3B-6FED-468A-A843-8D3DB1041FF1}.Debug|x64.ActiveCfg = Debug|x64
		{E9471A3B-6FED-468A-A843-8D3DB1041FF1}.Debug|x64.Build.0 = Debug|x64
		{E9471A3B-6FED-468A-A843-8D3DB1041FF1}.Debug|x86.ActiveCfg = Debug|Win32
		{E9471A3B-6FED-468A-A843-8D3DB1041FF1}.Debug|x86.Build.0 = Debug|Win32
		{E9471A3B-6FED-468A-A843-8D3DB1041FF1}.Release|x64.ActiveCfg = Release|x64
		{E9471A3B-6FED-468A-A843-8D3DB1041FF1}.Release|x64.Build.0 = Release|x64
		{E9471A3B-6FED-468A-A843-8D3DB1041FF1}.Release|x86.ActiveCfg = Release|Win32
		{E9471A3B-6FED-468A-A843-8D3DB1041FF1}.Release|x86.Build.0 = Release|Win32
		{7255CAEF-CA62-4302-B27D-8B31DB10EC3E}.Debug|x64.ActiveCfg = Debug|x64
		{7255CAEF-CA62-4302-B27D-8B31DB10EC3E}.Debug|x64.Build.0 = Debug|x64
		{7255CAEF-CA62-4302-B27D-8B31DB10EC3E}.Debug|x86.ActiveCfg = Debug|Win32
		{7255CAEF-CA62-4302-B27D-8B31DB10EC3E}.Debug|x86.Build.0 = Debug|Win32
		{7255CAEF-CA62-4302-B27D-8B31DB10EC3E}.Release|x64.ActiveCfg = Release|x64
		{7255CAEF-CA62-4302-B27D-8B31DB10EC3E}.Release|x64.Build.0 = Release|x64
		{7255CAEF-CA62-4302-B27D-8B31DB10EC3E}.Release|x86.ActiveCfg = Release|Win32
		{7255CAEF-CA62-4302-B27D-8B31DB10EC3E}.Release|x86.Build.0 = Release|Win32
		{EA7C2D89-7D37-4E4F-B000-987E01C6EE1E}.Debug|x64.ActiveCfg = Debug|x64
		{EA7C2D89-7D37-4E4F-B000-987E01C6EE1E}.Debug|x64.Build.0 = Debug|x64
		{EA7C2D89-7D37-4E4F-B000-987E01C6EE1E}.Debug|x86.ActiveCfg = Debug|Win32
		{EA7C2D89-7D37-4E4F-B000-987E01C6EE1E}.Debug|x86.Build.0 = Debug|Win32
		{EA7C2D89-7D37-4E4F-B000-987E01C6EE1E}.Release|x64.ActiveCfg = Release|x64
		{EA7C2D89-7D37-4E4F-B000-987E01C6EE1E}.Release|x64.Build.0 = Release|x64
		{EA7C2D89-7D37-4E4F-B000-987E01C6EE1E}.Release|x86.ActiveCfg = Release|Win32
		{EA7C2D89-7D37-4E4F-B000-987E01C6EE1E}.Release|x86.Build.0 = Release|Win32
		{8FCD0580-0907-40B8-B1D5-87E6FA65E1CE}.Debug|x64.ActiveCfg = Debug|x64
		{8FCD0580-0907-40B8-B1D5-87E6FA65E1CE}.Debug|x64.Build.0 = Debug|x64
		{8FCD0580-0907-40B8-B1D5-87E6FA65E1CE}.Debug|x86.ActiveCfg = Debug|Win32
		{8FCD0580-0907-40B8-B1D5-87E6FA65E1CE}.Debug|x86.Build.0 = Debug|Win32
		{8FCD0580-0907-40B8-B1D5-87E6FA65E1CE}.Release|x64.ActiveCfg = Release|x64
		{8FCD0580-0907-40B8-B1D5-87E6FA65E1CE}.Release|x64.Build.0 = Release|x64
		{8FCD0580-0907-40B8-B1D5-87E6FA65E1CE}.Release|x86.ActiveCfg = Release|Win32
		{8FCD0580-0907-40B8-B1D5-87E6FA65E1CE}.Release|x86.Build.0 = Release|Win32
		{4E5EDA6F-A063-428E-8264-FE5AD3482597}.Debug|x64.ActiveCfg = Debug|x64
		{4E5EDA6F-A063-428E-8264-FE5AD3482597}.Debug|x64.Build.0 = Debug|x64
		{4E5EDA6F-A063-428E-8264-FE5AD3482597}.Debug|x86.ActiveCfg = Debug|Win32
		{4E5EDA6F-A063-428E-8264-FE5AD3482597}.Debug|x86.Build.0 = Debug|Win32
		{4E5EDA6F-A063-428E-8264-FE5AD3482597}.Release|x64.ActiveCfg = Release|x64
		{4E5EDA6F-A063-428E-8264-FE5AD3482597}.Release|x64.Build.0 = Release|x64
		{4E5EDA6F-A063-428E-8264-FE5AD3482597}.Release|x86.ActiveCfg = Release|Win32
		{4E5EDA6F-A063-428E-8264-FE5AD3482597}.Release|x86.Build.0 = Release|Win32
		{0CFCB0AD-6457-4613-925D-ABA65ECCA50E}.Debug|x64.ActiveCfg = Debug|x64
		{0CFCB0AD-6457-4613-925D-ABA65ECCA50E}.Debug|x64.Build.0 = Debug|x64
		{0CFCB0AD-6457-4613-925D-ABA65ECCA50E}.Debug|x86.ActiveCfg = Debug|Win32
		{0CFCB0AD-6457-4613-925D-ABA65ECCA50E}.Debug|x86.Build.0 = Debug|Win32
		{0CFCB0AD-6457-4613-925D-ABA65ECCA50E}.Release|x64.ActiveCfg = Release|x64
		{0CFCB0AD-6457-4613-925D-ABA65ECCA50E}.Release|x64.Build.0 = Release|x64
		{0CFCB0AD-6457-4613-925D-ABA65ECCA50E}.Release|x86.ActiveCfg = Release|Win32
		{0CFCB0AD-6457-4613-925D-ABA65ECCA50E}.Release|x86.Build.0 = Release|Win32
		{E332D128-729C-451B-8EE1-9CF6F1214DA9}.Debug|x64.ActiveCfg = Debug|x64
		{E332D128-729C-451B-8EE1-9CF6F1214DA9}.Debug|x64.Build.0 = Debug|x64
		{E332D128-729C-451B-8EE1-9CF6F1214DA9}.Debug|x86.ActiveCfg = Debug|Win32
		{E332D128-729C-451B-8EE1-9CF6F1214DA9}.Debug|x86.Build.0 = Debug|Win32
		{E332D128-729C-451B-8EE1-9CF6F1214DA9}.Release|x64.ActiveCfg = Release|x64
		{E332D128-729C-451B-8EE1-9CF6F1214DA9}.Release|x64.Build.0 = Release|x64
		{E332D128-729C-451B-8EE1-9CF6F1214DA9}.Release|x86.ActiveCfg = Release|Win32
		{E332D128-729C-451B-8EE1-9CF6F1214DA9}.Release|x86.Build.0 = Release|Win32
	EndGlobalSection
	GlobalSection(SolutionProperties) = preSolution
		HideSolutionNode = FALSE
	EndGlobalSection
	GlobalSection(ExtensibilityGlobals) = postSolution
		SolutionGuid = {20A64BEF-6E09-4F55-A921-96650B793CBC}
	EndGlobalSection
EndGlobal
