
Microsoft Visual Studio Solution File, Format Version 12.00
# Visual Studio Version 17
VisualStudioVersion = 17.6.33723.286
MinimumVisualStudioVersion = 10.0.40219.1
Project("{8BC9CEB8-8B4A-11D0-8D11-00A0C91BC942}") = "BT1", "BT1\BT1.vcxproj", "{3C201387-1032-49C3-9C84-B801EEFCDC8B}"
EndProject
Project("{8BC9CEB8-8B4A-11D0-8D11-00A0C91BC942}") = "BT2", "BT2\BT2.vcxproj", "{EBA8C04C-19F4-41B6-A3A0-0EC3567DFAC1}"
EndProject
Project("{8BC9CEB8-8B4A-11D0-8D11-00A0C91BC942}") = "BT3", "BT3\BT3.vcxproj", "{509DD0F4-6CCA-4DEE-882A-300BD858EB99}"
EndProject
Project("{8BC9CEB8-8B4A-11D0-8D11-00A0C91BC942}") = "BT4", "BT4\BT4.vcxproj", "{4A30DC6A-5EE6-41B5-9562-2FB0598D3283}"
EndProject
Project("{8BC9CEB8-8B4A-11D0-8D11-00A0C91BC942}") = "BT5", "BT5\BT5.vcxproj", "{F2E1142C-794C-4F29-97F2-DE7B44A64B97}"
EndProject
Project("{8BC9CEB8-8B4A-11D0-8D11-00A0C91BC942}") = "BT6", "BT6\BT6.vcxproj", "{33437ADF-8582-4BE9-8CCD-0D03C0DC2E22}"
EndProject
Project("{8BC9CEB8-8B4A-11D0-8D11-00A0C91BC942}") = "BT7", "BT7\BT7.vcxproj", "{A5FBC6B7-1E1C-4104-BD5B-1CC4F1F6423E}"
EndProject
Global
	GlobalSection(SolutionConfigurationPlatforms) = preSolution
		Debug|x64 = Debug|x64
		Debug|x86 = Debug|x86
		Release|x64 = Release|x64
		Release|x86 = Release|x86
	EndGlobalSection
	GlobalSection(ProjectConfigurationPlatforms) = postSolution
		{3C201387-1032-49C3-9C84-B801EEFCDC8B}.Debug|x64.ActiveCfg = Debug|x64
		{3C201387-1032-49C3-9C84-B801EEFCDC8B}.Debug|x64.Build.0 = Debug|x64
		{3C201387-1032-49C3-9C84-B801EEFCDC8B}.Debug|x86.ActiveCfg = Debug|Win32
		{3C201387-1032-49C3-9C84-B801EEFCDC8B}.Debug|x86.Build.0 = Debug|Win32
		{3C201387-1032-49C3-9C84-B801EEFCDC8B}.Release|x64.ActiveCfg = Release|x64
		{3C201387-1032-49C3-9C84-B801EEFCDC8B}.Release|x64.Build.0 = Release|x64
		{3C201387-1032-49C3-9C84-B801EEFCDC8B}.Release|x86.ActiveCfg = Release|Win32
		{3C201387-1032-49C3-9C84-B801EEFCDC8B}.Release|x86.Build.0 = Release|Win32
		{EBA8C04C-19F4-41B6-A3A0-0EC3567DFAC1}.Debug|x64.ActiveCfg = Debug|x64
		{EBA8C04C-19F4-41B6-A3A0-0EC3567DFAC1}.Debug|x64.Build.0 = Debug|x64
		{EBA8C04C-19F4-41B6-A3A0-0EC3567DFAC1}.Debug|x86.ActiveCfg = Debug|Win32
		{EBA8C04C-19F4-41B6-A3A0-0EC3567DFAC1}.Debug|x86.Build.0 = Debug|Win32
		{EBA8C04C-19F4-41B6-A3A0-0EC3567DFAC1}.Release|x64.ActiveCfg = Release|x64
		{EBA8C04C-19F4-41B6-A3A0-0EC3567DFAC1}.Release|x64.Build.0 = Release|x64
		{EBA8C04C-19F4-41B6-A3A0-0EC3567DFAC1}.Release|x86.ActiveCfg = Release|Win32
		{EBA8C04C-19F4-41B6-A3A0-0EC3567DFAC1}.Release|x86.Build.0 = Release|Win32
		{509DD0F4-6CCA-4DEE-882A-300BD858EB99}.Debug|x64.ActiveCfg = Debug|x64
		{509DD0F4-6CCA-4DEE-882A-300BD858EB99}.Debug|x64.Build.0 = Debug|x64
		{509DD0F4-6CCA-4DEE-882A-300BD858EB99}.Debug|x86.ActiveCfg = Debug|Win32
		{509DD0F4-6CCA-4DEE-882A-300BD858EB99}.Debug|x86.Build.0 = Debug|Win32
		{509DD0F4-6CCA-4DEE-882A-300BD858EB99}.Release|x64.ActiveCfg = Release|x64
		{509DD0F4-6CCA-4DEE-882A-300BD858EB99}.Release|x64.Build.0 = Release|x64
		{509DD0F4-6CCA-4DEE-882A-300BD858EB99}.Release|x86.ActiveCfg = Release|Win32
		{509DD0F4-6CCA-4DEE-882A-300BD858EB99}.Release|x86.Build.0 = Release|Win32
		{4A30DC6A-5EE6-41B5-9562-2FB0598D3283}.Debug|x64.ActiveCfg = Debug|x64
		{4A30DC6A-5EE6-41B5-9562-2FB0598D3283}.Debug|x64.Build.0 = Debug|x64
		{4A30DC6A-5EE6-41B5-9562-2FB0598D3283}.Debug|x86.ActiveCfg = Debug|Win32
		{4A30DC6A-5EE6-41B5-9562-2FB0598D3283}.Debug|x86.Build.0 = Debug|Win32
		{4A30DC6A-5EE6-41B5-9562-2FB0598D3283}.Release|x64.ActiveCfg = Release|x64
		{4A30DC6A-5EE6-41B5-9562-2FB0598D3283}.Release|x64.Build.0 = Release|x64
		{4A30DC6A-5EE6-41B5-9562-2FB0598D3283}.Release|x86.ActiveCfg = Release|Win32
		{4A30DC6A-5EE6-41B5-9562-2FB0598D3283}.Release|x86.Build.0 = Release|Win32
		{F2E1142C-794C-4F29-97F2-DE7B44A64B97}.Debug|x64.ActiveCfg = Debug|x64
		{F2E1142C-794C-4F29-97F2-DE7B44A64B97}.Debug|x64.Build.0 = Debug|x64
		{F2E1142C-794C-4F29-97F2-DE7B44A64B97}.Debug|x86.ActiveCfg = Debug|Win32
		{F2E1142C-794C-4F29-97F2-DE7B44A64B97}.Debug|x86.Build.0 = Debug|Win32
		{F2E1142C-794C-4F29-97F2-DE7B44A64B97}.Release|x64.ActiveCfg = Release|x64
		{F2E1142C-794C-4F29-97F2-DE7B44A64B97}.Release|x64.Build.0 = Release|x64
		{F2E1142C-794C-4F29-97F2-DE7B44A64B97}.Release|x86.ActiveCfg = Release|Win32
		{F2E1142C-794C-4F29-97F2-DE7B44A64B97}.Release|x86.Build.0 = Release|Win32
		{33437ADF-8582-4BE9-8CCD-0D03C0DC2E22}.Debug|x64.ActiveCfg = Debug|x64
		{33437ADF-8582-4BE9-8CCD-0D03C0DC2E22}.Debug|x64.Build.0 = Debug|x64
		{33437ADF-8582-4BE9-8CCD-0D03C0DC2E22}.Debug|x86.ActiveCfg = Debug|Win32
		{33437ADF-8582-4BE9-8CCD-0D03C0DC2E22}.Debug|x86.Build.0 = Debug|Win32
		{33437ADF-8582-4BE9-8CCD-0D03C0DC2E22}.Release|x64.ActiveCfg = Release|x64
		{33437ADF-8582-4BE9-8CCD-0D03C0DC2E22}.Release|x64.Build.0 = Release|x64
		{33437ADF-8582-4BE9-8CCD-0D03C0DC2E22}.Release|x86.ActiveCfg = Release|Win32
		{33437ADF-8582-4BE9-8CCD-0D03C0DC2E22}.Release|x86.Build.0 = Release|Win32
		{A5FBC6B7-1E1C-4104-BD5B-1CC4F1F6423E}.Debug|x64.ActiveCfg = Debug|x64
		{A5FBC6B7-1E1C-4104-BD5B-1CC4F1F6423E}.Debug|x64.Build.0 = Debug|x64
		{A5FBC6B7-1E1C-4104-BD5B-1CC4F1F6423E}.Debug|x86.ActiveCfg = Debug|Win32
		{A5FBC6B7-1E1C-4104-BD5B-1CC4F1F6423E}.Debug|x86.Build.0 = Debug|Win32
		{A5FBC6B7-1E1C-4104-BD5B-1CC4F1F6423E}.Release|x64.ActiveCfg = Release|x64
		{A5FBC6B7-1E1C-4104-BD5B-1CC4F1F6423E}.Release|x64.Build.0 = Release|x64
		{A5FBC6B7-1E1C-4104-BD5B-1CC4F1F6423E}.Release|x86.ActiveCfg = Release|Win32
		{A5FBC6B7-1E1C-4104-BD5B-1CC4F1F6423E}.Release|x86.Build.0 = Release|Win32
	EndGlobalSection
	GlobalSection(SolutionProperties) = preSolution
		HideSolutionNode = FALSE
	EndGlobalSection
	GlobalSection(ExtensibilityGlobals) = postSolution
		SolutionGuid = {397F5313-61D0-4D2F-88C6-1FE4F26BB56D}
	EndGlobalSection
EndGlobal
