
Microsoft Visual Studio Solution File, Format Version 12.00
# Visual Studio Version 17
VisualStudioVersion = 17.5.33627.172
MinimumVisualStudioVersion = 10.0.40219.1
Project("{8BC9CEB8-8B4A-11D0-8D11-00A0C91BC942}") = "TINH TRUNG BINH", "TINH TRUNG BINH\TINH TRUNG BINH.vcxproj", "{BB301FD6-CADE-4864-BAF7-6448DE4DD54E}"
EndProject
Project("{8BC9CEB8-8B4A-11D0-8D11-00A0C91BC942}") = "TINH TONG DOANH THU", "TINH TONG DOANH THU\TINH TONG DOANH THU.vcxproj", "{4D06B5F5-3C3E-41CF-8699-71D3311AF3A6}"
EndProject
Project("{8BC9CEB8-8B4A-11D0-8D11-00A0C91BC942}") = "TINH DOANH THU VA THUE", "TINH DOANH THU VA THUE\TINH DOANH THU VA THUE.vcxproj", "{51D0E16E-1A78-4F3B-80BE-700ACDE8D821}"
EndProject
Project("{8BC9CEB8-8B4A-11D0-8D11-00A0C91BC942}") = "SO TRUOC VA SAU SO NGUYEN K", "SO TRUOC VA SAU SO NGUYEN K\SO TRUOC VA SAU SO NGUYEN K.vcxproj", "{AFA1DBC9-91C7-40FB-8176-1810F7BAA7A7}"
EndProject
Project("{8BC9CEB8-8B4A-11D0-8D11-00A0C91BC942}") = "DON GIA CONG THUE", "DON GIA CONG THUE\DON GIA CONG THUE.vcxproj", "{5F378F13-DE0C-4DEC-9D6E-CEBB818CD312}"
EndProject
Project("{8BC9CEB8-8B4A-11D0-8D11-00A0C91BC942}") = "TINH CHU VI DIEN TICH HINH TRON", "TINH CHU VI DIEN TICH HINH TRON\TINH CHU VI DIEN TICH HINH TRON.vcxproj", "{2C22978B-B366-4AE7-A23A-08DA748FD982}"
EndProject
Project("{8BC9CEB8-8B4A-11D0-8D11-00A0C91BC942}") = "Hoán Vị", "Hoán Vị\Hoán Vị.vcxproj", "{BA65CAC5-E7CB-4006-9A5B-5E5B92CB2D87}"
EndProject
Global
	GlobalSection(SolutionConfigurationPlatforms) = preSolution
		Debug|x64 = Debug|x64
		Debug|x86 = Debug|x86
		Release|x64 = Release|x64
		Release|x86 = Release|x86
	EndGlobalSection
	GlobalSection(ProjectConfigurationPlatforms) = postSolution
		{BB301FD6-CADE-4864-BAF7-6448DE4DD54E}.Debug|x64.ActiveCfg = Debug|x64
		{BB301FD6-CADE-4864-BAF7-6448DE4DD54E}.Debug|x64.Build.0 = Debug|x64
		{BB301FD6-CADE-4864-BAF7-6448DE4DD54E}.Debug|x86.ActiveCfg = Debug|Win32
		{BB301FD6-CADE-4864-BAF7-6448DE4DD54E}.Debug|x86.Build.0 = Debug|Win32
		{BB301FD6-CADE-4864-BAF7-6448DE4DD54E}.Release|x64.ActiveCfg = Release|x64
		{BB301FD6-CADE-4864-BAF7-6448DE4DD54E}.Release|x64.Build.0 = Release|x64
		{BB301FD6-CADE-4864-BAF7-6448DE4DD54E}.Release|x86.ActiveCfg = Release|Win32
		{BB301FD6-CADE-4864-BAF7-6448DE4DD54E}.Release|x86.Build.0 = Release|Win32
		{4D06B5F5-3C3E-41CF-8699-71D3311AF3A6}.Debug|x64.ActiveCfg = Debug|x64
		{4D06B5F5-3C3E-41CF-8699-71D3311AF3A6}.Debug|x64.Build.0 = Debug|x64
		{4D06B5F5-3C3E-41CF-8699-71D3311AF3A6}.Debug|x86.ActiveCfg = Debug|Win32
		{4D06B5F5-3C3E-41CF-8699-71D3311AF3A6}.Debug|x86.Build.0 = Debug|Win32
		{4D06B5F5-3C3E-41CF-8699-71D3311AF3A6}.Release|x64.ActiveCfg = Release|x64
		{4D06B5F5-3C3E-41CF-8699-71D3311AF3A6}.Release|x64.Build.0 = Release|x64
		{4D06B5F5-3C3E-41CF-8699-71D3311AF3A6}.Release|x86.ActiveCfg = Release|Win32
		{4D06B5F5-3C3E-41CF-8699-71D3311AF3A6}.Release|x86.Build.0 = Release|Win32
		{51D0E16E-1A78-4F3B-80BE-700ACDE8D821}.Debug|x64.ActiveCfg = Debug|x64
		{51D0E16E-1A78-4F3B-80BE-700ACDE8D821}.Debug|x64.Build.0 = Debug|x64
		{51D0E16E-1A78-4F3B-80BE-700ACDE8D821}.Debug|x86.ActiveCfg = Debug|Win32
		{51D0E16E-1A78-4F3B-80BE-700ACDE8D821}.Debug|x86.Build.0 = Debug|Win32
		{51D0E16E-1A78-4F3B-80BE-700ACDE8D821}.Release|x64.ActiveCfg = Release|x64
		{51D0E16E-1A78-4F3B-80BE-700ACDE8D821}.Release|x64.Build.0 = Release|x64
		{51D0E16E-1A78-4F3B-80BE-700ACDE8D821}.Release|x86.ActiveCfg = Release|Win32
		{51D0E16E-1A78-4F3B-80BE-700ACDE8D821}.Release|x86.Build.0 = Release|Win32
		{AFA1DBC9-91C7-40FB-8176-1810F7BAA7A7}.Debug|x64.ActiveCfg = Debug|x64
		{AFA1DBC9-91C7-40FB-8176-1810F7BAA7A7}.Debug|x64.Build.0 = Debug|x64
		{AFA1DBC9-91C7-40FB-8176-1810F7BAA7A7}.Debug|x86.ActiveCfg = Debug|Win32
		{AFA1DBC9-91C7-40FB-8176-1810F7BAA7A7}.Debug|x86.Build.0 = Debug|Win32
		{AFA1DBC9-91C7-40FB-8176-1810F7BAA7A7}.Release|x64.ActiveCfg = Release|x64
		{AFA1DBC9-91C7-40FB-8176-1810F7BAA7A7}.Release|x64.Build.0 = Release|x64
		{AFA1DBC9-91C7-40FB-8176-1810F7BAA7A7}.Release|x86.ActiveCfg = Release|Win32
		{AFA1DBC9-91C7-40FB-8176-1810F7BAA7A7}.Release|x86.Build.0 = Release|Win32
		{5F378F13-DE0C-4DEC-9D6E-CEBB818CD312}.Debug|x64.ActiveCfg = Debug|x64
		{5F378F13-DE0C-4DEC-9D6E-CEBB818CD312}.Debug|x64.Build.0 = Debug|x64
		{5F378F13-DE0C-4DEC-9D6E-CEBB818CD312}.Debug|x86.ActiveCfg = Debug|Win32
		{5F378F13-DE0C-4DEC-9D6E-CEBB818CD312}.Debug|x86.Build.0 = Debug|Win32
		{5F378F13-DE0C-4DEC-9D6E-CEBB818CD312}.Release|x64.ActiveCfg = Release|x64
		{5F378F13-DE0C-4DEC-9D6E-CEBB818CD312}.Release|x64.Build.0 = Release|x64
		{5F378F13-DE0C-4DEC-9D6E-CEBB818CD312}.Release|x86.ActiveCfg = Release|Win32
		{5F378F13-DE0C-4DEC-9D6E-CEBB818CD312}.Release|x86.Build.0 = Release|Win32
		{2C22978B-B366-4AE7-A23A-08DA748FD982}.Debug|x64.ActiveCfg = Debug|x64
		{2C22978B-B366-4AE7-A23A-08DA748FD982}.Debug|x64.Build.0 = Debug|x64
		{2C22978B-B366-4AE7-A23A-08DA748FD982}.Debug|x86.ActiveCfg = Debug|Win32
		{2C22978B-B366-4AE7-A23A-08DA748FD982}.Debug|x86.Build.0 = Debug|Win32
		{2C22978B-B366-4AE7-A23A-08DA748FD982}.Release|x64.ActiveCfg = Release|x64
		{2C22978B-B366-4AE7-A23A-08DA748FD982}.Release|x64.Build.0 = Release|x64
		{2C22978B-B366-4AE7-A23A-08DA748FD982}.Release|x86.ActiveCfg = Release|Win32
		{2C22978B-B366-4AE7-A23A-08DA748FD982}.Release|x86.Build.0 = Release|Win32
		{BA65CAC5-E7CB-4006-9A5B-5E5B92CB2D87}.Debug|x64.ActiveCfg = Debug|x64
		{BA65CAC5-E7CB-4006-9A5B-5E5B92CB2D87}.Debug|x64.Build.0 = Debug|x64
		{BA65CAC5-E7CB-4006-9A5B-5E5B92CB2D87}.Debug|x86.ActiveCfg = Debug|Win32
		{BA65CAC5-E7CB-4006-9A5B-5E5B92CB2D87}.Debug|x86.Build.0 = Debug|Win32
		{BA65CAC5-E7CB-4006-9A5B-5E5B92CB2D87}.Release|x64.ActiveCfg = Release|x64
		{BA65CAC5-E7CB-4006-9A5B-5E5B92CB2D87}.Release|x64.Build.0 = Release|x64
		{BA65CAC5-E7CB-4006-9A5B-5E5B92CB2D87}.Release|x86.ActiveCfg = Release|Win32
		{BA65CAC5-E7CB-4006-9A5B-5E5B92CB2D87}.Release|x86.Build.0 = Release|Win32
	EndGlobalSection
	GlobalSection(SolutionProperties) = preSolution
		HideSolutionNode = FALSE
	EndGlobalSection
	GlobalSection(ExtensibilityGlobals) = postSolution
		SolutionGuid = {9DDBA796-5A39-47AB-B968-3FC998FAC22A}
	EndGlobalSection
EndGlobal
