
Microsoft Visual Studio Solution File, Format Version 12.00
# Visual Studio Version 17
VisualStudioVersion = 17.5.33627.172
MinimumVisualStudioVersion = 10.0.40219.1
Project("{8BC9CEB8-8B4A-11D0-8D11-00A0C91BC942}") = "BT1", "BT1\BT1.vcxproj", "{BB7939CC-5226-45D6-A01C-6614A9ABD004}"
EndProject
Project("{8BC9CEB8-8B4A-11D0-8D11-00A0C91BC942}") = "BT2", "BT2\BT2.vcxproj", "{CD995A20-7512-4FB1-B197-0A67CD0ACA49}"
EndProject
Project("{8BC9CEB8-8B4A-11D0-8D11-00A0C91BC942}") = "BT3", "BT3\BT3.vcxproj", "{ABECCA34-53A8-449E-A5EC-9F88809FCD06}"
EndProject
Project("{8BC9CEB8-8B4A-11D0-8D11-00A0C91BC942}") = "BT4", "BT4\BT4.vcxproj", "{9733D26D-2D1C-4BD9-87A8-66310D034135}"
EndProject
Project("{8BC9CEB8-8B4A-11D0-8D11-00A0C91BC942}") = "BT5", "BT5\BT5.vcxproj", "{7EAEF4DA-39CE-43AB-8139-8D6CDD271812}"
EndProject
Project("{8BC9CEB8-8B4A-11D0-8D11-00A0C91BC942}") = "BT6", "BT6\BT6.vcxproj", "{7BBC570C-6B5B-4BF1-BDEF-39650896F7D6}"
EndProject
Project("{8BC9CEB8-8B4A-11D0-8D11-00A0C91BC942}") = "BT7", "BT7\BT7.vcxproj", "{943E6195-7453-4EE2-AA13-A5ADC18AE53A}"
EndProject
Project("{8BC9CEB8-8B4A-11D0-8D11-00A0C91BC942}") = "BT8", "BT8\BT8.vcxproj", "{4BFF487C-6826-4D61-AF6A-D31D2A01DFE3}"
EndProject
Project("{8BC9CEB8-8B4A-11D0-8D11-00A0C91BC942}") = "BT9", "BT9\BT9.vcxproj", "{B68F1B76-C310-40CA-AB4F-6BB88166581F}"
EndProject
Project("{8BC9CEB8-8B4A-11D0-8D11-00A0C91BC942}") = "BT10", "BT10\BT10.vcxproj", "{BAFB1A60-E4CB-4F0B-BC72-A0171045D98E}"
EndProject
Project("{8BC9CEB8-8B4A-11D0-8D11-00A0C91BC942}") = "BT11", "Bt11\Bt11.vcxproj", "{35E4C833-3EA4-4769-AA85-626ABFF30140}"
EndProject
Project("{8BC9CEB8-8B4A-11D0-8D11-00A0C91BC942}") = "BT12", "BT12\BT12.vcxproj", "{30EF6361-3854-4806-8300-E45022BF01BE}"
EndProject
Project("{8BC9CEB8-8B4A-11D0-8D11-00A0C91BC942}") = "BT13", "BT13\BT13.vcxproj", "{386068DB-855E-4D07-8E4F-B3DC54A47B98}"
EndProject
Project("{8BC9CEB8-8B4A-11D0-8D11-00A0C91BC942}") = "BT14", "BT14\BT14.vcxproj", "{C6EBAC59-809F-4CF7-8BC4-0992F8F9BAB5}"
EndProject
Project("{8BC9CEB8-8B4A-11D0-8D11-00A0C91BC942}") = "BT15", "BT15\BT15.vcxproj", "{E3D29F17-71D1-4CCF-A791-B058D13E1C46}"
EndProject
Project("{8BC9CEB8-8B4A-11D0-8D11-00A0C91BC942}") = "BT16", "BT16\BT16.vcxproj", "{080924C4-979A-4D4B-96CA-144B1C05D6C6}"
EndProject
Project("{8BC9CEB8-8B4A-11D0-8D11-00A0C91BC942}") = "BT17", "BT17\BT17.vcxproj", "{02052DD2-4C02-45D0-9BAB-466879157FD1}"
EndProject
Project("{8BC9CEB8-8B4A-11D0-8D11-00A0C91BC942}") = "BT18", "BT18\BT18.vcxproj", "{C539F767-9CFB-491E-8949-F14352CA118E}"
EndProject
Project("{8BC9CEB8-8B4A-11D0-8D11-00A0C91BC942}") = "BT19", "BT19\BT19.vcxproj", "{B95663B2-57CA-465F-BA1C-A37045A93F57}"
EndProject
Project("{8BC9CEB8-8B4A-11D0-8D11-00A0C91BC942}") = "BT20", "BT20\BT20.vcxproj", "{41AF8F95-215B-483B-A540-7D2253FFFC9E}"
EndProject
Global
	GlobalSection(SolutionConfigurationPlatforms) = preSolution
		Debug|x64 = Debug|x64
		Debug|x86 = Debug|x86
		Release|x64 = Release|x64
		Release|x86 = Release|x86
	EndGlobalSection
	GlobalSection(ProjectConfigurationPlatforms) = postSolution
		{BB7939CC-5226-45D6-A01C-6614A9ABD004}.Debug|x64.ActiveCfg = Debug|x64
		{BB7939CC-5226-45D6-A01C-6614A9ABD004}.Debug|x64.Build.0 = Debug|x64
		{BB7939CC-5226-45D6-A01C-6614A9ABD004}.Debug|x86.ActiveCfg = Debug|Win32
		{BB7939CC-5226-45D6-A01C-6614A9ABD004}.Debug|x86.Build.0 = Debug|Win32
		{BB7939CC-5226-45D6-A01C-6614A9ABD004}.Release|x64.ActiveCfg = Release|x64
		{BB7939CC-5226-45D6-A01C-6614A9ABD004}.Release|x64.Build.0 = Release|x64
		{BB7939CC-5226-45D6-A01C-6614A9ABD004}.Release|x86.ActiveCfg = Release|Win32
		{BB7939CC-5226-45D6-A01C-6614A9ABD004}.Release|x86.Build.0 = Release|Win32
		{CD995A20-7512-4FB1-B197-0A67CD0ACA49}.Debug|x64.ActiveCfg = Debug|x64
		{CD995A20-7512-4FB1-B197-0A67CD0ACA49}.Debug|x64.Build.0 = Debug|x64
		{CD995A20-7512-4FB1-B197-0A67CD0ACA49}.Debug|x86.ActiveCfg = Debug|Win32
		{CD995A20-7512-4FB1-B197-0A67CD0ACA49}.Debug|x86.Build.0 = Debug|Win32
		{CD995A20-7512-4FB1-B197-0A67CD0ACA49}.Release|x64.ActiveCfg = Release|x64
		{CD995A20-7512-4FB1-B197-0A67CD0ACA49}.Release|x64.Build.0 = Release|x64
		{CD995A20-7512-4FB1-B197-0A67CD0ACA49}.Release|x86.ActiveCfg = Release|Win32
		{CD995A20-7512-4FB1-B197-0A67CD0ACA49}.Release|x86.Build.0 = Release|Win32
		{ABECCA34-53A8-449E-A5EC-9F88809FCD06}.Debug|x64.ActiveCfg = Debug|x64
		{ABECCA34-53A8-449E-A5EC-9F88809FCD06}.Debug|x64.Build.0 = Debug|x64
		{ABECCA34-53A8-449E-A5EC-9F88809FCD06}.Debug|x86.ActiveCfg = Debug|Win32
		{ABECCA34-53A8-449E-A5EC-9F88809FCD06}.Debug|x86.Build.0 = Debug|Win32
		{ABECCA34-53A8-449E-A5EC-9F88809FCD06}.Release|x64.ActiveCfg = Release|x64
		{ABECCA34-53A8-449E-A5EC-9F88809FCD06}.Release|x64.Build.0 = Release|x64
		{ABECCA34-53A8-449E-A5EC-9F88809FCD06}.Release|x86.ActiveCfg = Release|Win32
		{ABECCA34-53A8-449E-A5EC-9F88809FCD06}.Release|x86.Build.0 = Release|Win32
		{9733D26D-2D1C-4BD9-87A8-66310D034135}.Debug|x64.ActiveCfg = Debug|x64
		{9733D26D-2D1C-4BD9-87A8-66310D034135}.Debug|x64.Build.0 = Debug|x64
		{9733D26D-2D1C-4BD9-87A8-66310D034135}.Debug|x86.ActiveCfg = Debug|Win32
		{9733D26D-2D1C-4BD9-87A8-66310D034135}.Debug|x86.Build.0 = Debug|Win32
		{9733D26D-2D1C-4BD9-87A8-66310D034135}.Release|x64.ActiveCfg = Release|x64
		{9733D26D-2D1C-4BD9-87A8-66310D034135}.Release|x64.Build.0 = Release|x64
		{9733D26D-2D1C-4BD9-87A8-66310D034135}.Release|x86.ActiveCfg = Release|Win32
		{9733D26D-2D1C-4BD9-87A8-66310D034135}.Release|x86.Build.0 = Release|Win32
		{7EAEF4DA-39CE-43AB-8139-8D6CDD271812}.Debug|x64.ActiveCfg = Debug|x64
		{7EAEF4DA-39CE-43AB-8139-8D6CDD271812}.Debug|x64.Build.0 = Debug|x64
		{7EAEF4DA-39CE-43AB-8139-8D6CDD271812}.Debug|x86.ActiveCfg = Debug|Win32
		{7EAEF4DA-39CE-43AB-8139-8D6CDD271812}.Debug|x86.Build.0 = Debug|Win32
		{7EAEF4DA-39CE-43AB-8139-8D6CDD271812}.Release|x64.ActiveCfg = Release|x64
		{7EAEF4DA-39CE-43AB-8139-8D6CDD271812}.Release|x64.Build.0 = Release|x64
		{7EAEF4DA-39CE-43AB-8139-8D6CDD271812}.Release|x86.ActiveCfg = Release|Win32
		{7EAEF4DA-39CE-43AB-8139-8D6CDD271812}.Release|x86.Build.0 = Release|Win32
		{7BBC570C-6B5B-4BF1-BDEF-39650896F7D6}.Debug|x64.ActiveCfg = Debug|x64
		{7BBC570C-6B5B-4BF1-BDEF-39650896F7D6}.Debug|x64.Build.0 = Debug|x64
		{7BBC570C-6B5B-4BF1-BDEF-39650896F7D6}.Debug|x86.ActiveCfg = Debug|Win32
		{7BBC570C-6B5B-4BF1-BDEF-39650896F7D6}.Debug|x86.Build.0 = Debug|Win32
		{7BBC570C-6B5B-4BF1-BDEF-39650896F7D6}.Release|x64.ActiveCfg = Release|x64
		{7BBC570C-6B5B-4BF1-BDEF-39650896F7D6}.Release|x64.Build.0 = Release|x64
		{7BBC570C-6B5B-4BF1-BDEF-39650896F7D6}.Release|x86.ActiveCfg = Release|Win32
		{7BBC570C-6B5B-4BF1-BDEF-39650896F7D6}.Release|x86.Build.0 = Release|Win32
		{943E6195-7453-4EE2-AA13-A5ADC18AE53A}.Debug|x64.ActiveCfg = Debug|x64
		{943E6195-7453-4EE2-AA13-A5ADC18AE53A}.Debug|x64.Build.0 = Debug|x64
		{943E6195-7453-4EE2-AA13-A5ADC18AE53A}.Debug|x86.ActiveCfg = Debug|Win32
		{943E6195-7453-4EE2-AA13-A5ADC18AE53A}.Debug|x86.Build.0 = Debug|Win32
		{943E6195-7453-4EE2-AA13-A5ADC18AE53A}.Release|x64.ActiveCfg = Release|x64
		{943E6195-7453-4EE2-AA13-A5ADC18AE53A}.Release|x64.Build.0 = Release|x64
		{943E6195-7453-4EE2-AA13-A5ADC18AE53A}.Release|x86.ActiveCfg = Release|Win32
		{943E6195-7453-4EE2-AA13-A5ADC18AE53A}.Release|x86.Build.0 = Release|Win32
		{4BFF487C-6826-4D61-AF6A-D31D2A01DFE3}.Debug|x64.ActiveCfg = Debug|x64
		{4BFF487C-6826-4D61-AF6A-D31D2A01DFE3}.Debug|x64.Build.0 = Debug|x64
		{4BFF487C-6826-4D61-AF6A-D31D2A01DFE3}.Debug|x86.ActiveCfg = Debug|Win32
		{4BFF487C-6826-4D61-AF6A-D31D2A01DFE3}.Debug|x86.Build.0 = Debug|Win32
		{4BFF487C-6826-4D61-AF6A-D31D2A01DFE3}.Release|x64.ActiveCfg = Release|x64
		{4BFF487C-6826-4D61-AF6A-D31D2A01DFE3}.Release|x64.Build.0 = Release|x64
		{4BFF487C-6826-4D61-AF6A-D31D2A01DFE3}.Release|x86.ActiveCfg = Release|Win32
		{4BFF487C-6826-4D61-AF6A-D31D2A01DFE3}.Release|x86.Build.0 = Release|Win32
		{B68F1B76-C310-40CA-AB4F-6BB88166581F}.Debug|x64.ActiveCfg = Debug|x64
		{B68F1B76-C310-40CA-AB4F-6BB88166581F}.Debug|x64.Build.0 = Debug|x64
		{B68F1B76-C310-40CA-AB4F-6BB88166581F}.Debug|x86.ActiveCfg = Debug|Win32
		{B68F1B76-C310-40CA-AB4F-6BB88166581F}.Debug|x86.Build.0 = Debug|Win32
		{B68F1B76-C310-40CA-AB4F-6BB88166581F}.Release|x64.ActiveCfg = Release|x64
		{B68F1B76-C310-40CA-AB4F-6BB88166581F}.Release|x64.Build.0 = Release|x64
		{B68F1B76-C310-40CA-AB4F-6BB88166581F}.Release|x86.ActiveCfg = Release|Win32
		{B68F1B76-C310-40CA-AB4F-6BB88166581F}.Release|x86.Build.0 = Release|Win32
		{BAFB1A60-E4CB-4F0B-BC72-A0171045D98E}.Debug|x64.ActiveCfg = Debug|x64
		{BAFB1A60-E4CB-4F0B-BC72-A0171045D98E}.Debug|x64.Build.0 = Debug|x64
		{BAFB1A60-E4CB-4F0B-BC72-A0171045D98E}.Debug|x86.ActiveCfg = Debug|Win32
		{BAFB1A60-E4CB-4F0B-BC72-A0171045D98E}.Debug|x86.Build.0 = Debug|Win32
		{BAFB1A60-E4CB-4F0B-BC72-A0171045D98E}.Release|x64.ActiveCfg = Release|x64
		{BAFB1A60-E4CB-4F0B-BC72-A0171045D98E}.Release|x64.Build.0 = Release|x64
		{BAFB1A60-E4CB-4F0B-BC72-A0171045D98E}.Release|x86.ActiveCfg = Release|Win32
		{BAFB1A60-E4CB-4F0B-BC72-A0171045D98E}.Release|x86.Build.0 = Release|Win32
		{35E4C833-3EA4-4769-AA85-626ABFF30140}.Debug|x64.ActiveCfg = Debug|x64
		{35E4C833-3EA4-4769-AA85-626ABFF30140}.Debug|x64.Build.0 = Debug|x64
		{35E4C833-3EA4-4769-AA85-626ABFF30140}.Debug|x86.ActiveCfg = Debug|Win32
		{35E4C833-3EA4-4769-AA85-626ABFF30140}.Debug|x86.Build.0 = Debug|Win32
		{35E4C833-3EA4-4769-AA85-626ABFF30140}.Release|x64.ActiveCfg = Release|x64
		{35E4C833-3EA4-4769-AA85-626ABFF30140}.Release|x64.Build.0 = Release|x64
		{35E4C833-3EA4-4769-AA85-626ABFF30140}.Release|x86.ActiveCfg = Release|Win32
		{35E4C833-3EA4-4769-AA85-626ABFF30140}.Release|x86.Build.0 = Release|Win32
		{30EF6361-3854-4806-8300-E45022BF01BE}.Debug|x64.ActiveCfg = Debug|x64
		{30EF6361-3854-4806-8300-E45022BF01BE}.Debug|x64.Build.0 = Debug|x64
		{30EF6361-3854-4806-8300-E45022BF01BE}.Debug|x86.ActiveCfg = Debug|Win32
		{30EF6361-3854-4806-8300-E45022BF01BE}.Debug|x86.Build.0 = Debug|Win32
		{30EF6361-3854-4806-8300-E45022BF01BE}.Release|x64.ActiveCfg = Release|x64
		{30EF6361-3854-4806-8300-E45022BF01BE}.Release|x64.Build.0 = Release|x64
		{30EF6361-3854-4806-8300-E45022BF01BE}.Release|x86.ActiveCfg = Release|Win32
		{30EF6361-3854-4806-8300-E45022BF01BE}.Release|x86.Build.0 = Release|Win32
		{386068DB-855E-4D07-8E4F-B3DC54A47B98}.Debug|x64.ActiveCfg = Debug|x64
		{386068DB-855E-4D07-8E4F-B3DC54A47B98}.Debug|x64.Build.0 = Debug|x64
		{386068DB-855E-4D07-8E4F-B3DC54A47B98}.Debug|x86.ActiveCfg = Debug|Win32
		{386068DB-855E-4D07-8E4F-B3DC54A47B98}.Debug|x86.Build.0 = Debug|Win32
		{386068DB-855E-4D07-8E4F-B3DC54A47B98}.Release|x64.ActiveCfg = Release|x64
		{386068DB-855E-4D07-8E4F-B3DC54A47B98}.Release|x64.Build.0 = Release|x64
		{386068DB-855E-4D07-8E4F-B3DC54A47B98}.Release|x86.ActiveCfg = Release|Win32
		{386068DB-855E-4D07-8E4F-B3DC54A47B98}.Release|x86.Build.0 = Release|Win32
		{C6EBAC59-809F-4CF7-8BC4-0992F8F9BAB5}.Debug|x64.ActiveCfg = Debug|x64
		{C6EBAC59-809F-4CF7-8BC4-0992F8F9BAB5}.Debug|x64.Build.0 = Debug|x64
		{C6EBAC59-809F-4CF7-8BC4-0992F8F9BAB5}.Debug|x86.ActiveCfg = Debug|Win32
		{C6EBAC59-809F-4CF7-8BC4-0992F8F9BAB5}.Debug|x86.Build.0 = Debug|Win32
		{C6EBAC59-809F-4CF7-8BC4-0992F8F9BAB5}.Release|x64.ActiveCfg = Release|x64
		{C6EBAC59-809F-4CF7-8BC4-0992F8F9BAB5}.Release|x64.Build.0 = Release|x64
		{C6EBAC59-809F-4CF7-8BC4-0992F8F9BAB5}.Release|x86.ActiveCfg = Release|Win32
		{C6EBAC59-809F-4CF7-8BC4-0992F8F9BAB5}.Release|x86.Build.0 = Release|Win32
		{E3D29F17-71D1-4CCF-A791-B058D13E1C46}.Debug|x64.ActiveCfg = Debug|x64
		{E3D29F17-71D1-4CCF-A791-B058D13E1C46}.Debug|x64.Build.0 = Debug|x64
		{E3D29F17-71D1-4CCF-A791-B058D13E1C46}.Debug|x86.ActiveCfg = Debug|Win32
		{E3D29F17-71D1-4CCF-A791-B058D13E1C46}.Debug|x86.Build.0 = Debug|Win32
		{E3D29F17-71D1-4CCF-A791-B058D13E1C46}.Release|x64.ActiveCfg = Release|x64
		{E3D29F17-71D1-4CCF-A791-B058D13E1C46}.Release|x64.Build.0 = Release|x64
		{E3D29F17-71D1-4CCF-A791-B058D13E1C46}.Release|x86.ActiveCfg = Release|Win32
		{E3D29F17-71D1-4CCF-A791-B058D13E1C46}.Release|x86.Build.0 = Release|Win32
		{080924C4-979A-4D4B-96CA-144B1C05D6C6}.Debug|x64.ActiveCfg = Debug|x64
		{080924C4-979A-4D4B-96CA-144B1C05D6C6}.Debug|x64.Build.0 = Debug|x64
		{080924C4-979A-4D4B-96CA-144B1C05D6C6}.Debug|x86.ActiveCfg = Debug|Win32
		{080924C4-979A-4D4B-96CA-144B1C05D6C6}.Debug|x86.Build.0 = Debug|Win32
		{080924C4-979A-4D4B-96CA-144B1C05D6C6}.Release|x64.ActiveCfg = Release|x64
		{080924C4-979A-4D4B-96CA-144B1C05D6C6}.Release|x64.Build.0 = Release|x64
		{080924C4-979A-4D4B-96CA-144B1C05D6C6}.Release|x86.ActiveCfg = Release|Win32
		{080924C4-979A-4D4B-96CA-144B1C05D6C6}.Release|x86.Build.0 = Release|Win32
		{02052DD2-4C02-45D0-9BAB-466879157FD1}.Debug|x64.ActiveCfg = Debug|x64
		{02052DD2-4C02-45D0-9BAB-466879157FD1}.Debug|x64.Build.0 = Debug|x64
		{02052DD2-4C02-45D0-9BAB-466879157FD1}.Debug|x86.ActiveCfg = Debug|Win32
		{02052DD2-4C02-45D0-9BAB-466879157FD1}.Debug|x86.Build.0 = Debug|Win32
		{02052DD2-4C02-45D0-9BAB-466879157FD1}.Release|x64.ActiveCfg = Release|x64
		{02052DD2-4C02-45D0-9BAB-466879157FD1}.Release|x64.Build.0 = Release|x64
		{02052DD2-4C02-45D0-9BAB-466879157FD1}.Release|x86.ActiveCfg = Release|Win32
		{02052DD2-4C02-45D0-9BAB-466879157FD1}.Release|x86.Build.0 = Release|Win32
		{C539F767-9CFB-491E-8949-F14352CA118E}.Debug|x64.ActiveCfg = Debug|x64
		{C539F767-9CFB-491E-8949-F14352CA118E}.Debug|x64.Build.0 = Debug|x64
		{C539F767-9CFB-491E-8949-F14352CA118E}.Debug|x86.ActiveCfg = Debug|Win32
		{C539F767-9CFB-491E-8949-F14352CA118E}.Debug|x86.Build.0 = Debug|Win32
		{C539F767-9CFB-491E-8949-F14352CA118E}.Release|x64.ActiveCfg = Release|x64
		{C539F767-9CFB-491E-8949-F14352CA118E}.Release|x64.Build.0 = Release|x64
		{C539F767-9CFB-491E-8949-F14352CA118E}.Release|x86.ActiveCfg = Release|Win32
		{C539F767-9CFB-491E-8949-F14352CA118E}.Release|x86.Build.0 = Release|Win32
		{B95663B2-57CA-465F-BA1C-A37045A93F57}.Debug|x64.ActiveCfg = Debug|x64
		{B95663B2-57CA-465F-BA1C-A37045A93F57}.Debug|x64.Build.0 = Debug|x64
		{B95663B2-57CA-465F-BA1C-A37045A93F57}.Debug|x86.ActiveCfg = Debug|Win32
		{B95663B2-57CA-465F-BA1C-A37045A93F57}.Debug|x86.Build.0 = Debug|Win32
		{B95663B2-57CA-465F-BA1C-A37045A93F57}.Release|x64.ActiveCfg = Release|x64
		{B95663B2-57CA-465F-BA1C-A37045A93F57}.Release|x64.Build.0 = Release|x64
		{B95663B2-57CA-465F-BA1C-A37045A93F57}.Release|x86.ActiveCfg = Release|Win32
		{B95663B2-57CA-465F-BA1C-A37045A93F57}.Release|x86.Build.0 = Release|Win32
		{41AF8F95-215B-483B-A540-7D2253FFFC9E}.Debug|x64.ActiveCfg = Debug|x64
		{41AF8F95-215B-483B-A540-7D2253FFFC9E}.Debug|x64.Build.0 = Debug|x64
		{41AF8F95-215B-483B-A540-7D2253FFFC9E}.Debug|x86.ActiveCfg = Debug|Win32
		{41AF8F95-215B-483B-A540-7D2253FFFC9E}.Debug|x86.Build.0 = Debug|Win32
		{41AF8F95-215B-483B-A540-7D2253FFFC9E}.Release|x64.ActiveCfg = Release|x64
		{41AF8F95-215B-483B-A540-7D2253FFFC9E}.Release|x64.Build.0 = Release|x64
		{41AF8F95-215B-483B-A540-7D2253FFFC9E}.Release|x86.ActiveCfg = Release|Win32
		{41AF8F95-215B-483B-A540-7D2253FFFC9E}.Release|x86.Build.0 = Release|Win32
	EndGlobalSection
	GlobalSection(SolutionProperties) = preSolution
		HideSolutionNode = FALSE
	EndGlobalSection
	GlobalSection(ExtensibilityGlobals) = postSolution
		SolutionGuid = {32B12A78-3DCA-4002-B233-24A76E68FB57}
	EndGlobalSection
EndGlobal
