
Microsoft Visual Studio Solution File, Format Version 12.00
# Visual Studio Version 17
VisualStudioVersion = 17.6.33723.286
MinimumVisualStudioVersion = 10.0.40219.1
Project("{8BC9CEB8-8B4A-11D0-8D11-00A0C91BC942}") = "BT1", "BT1\BT1.vcxproj", "{89D16E04-D058-45E0-8BFD-35F47CCF510F}"
EndProject
Project("{8BC9CEB8-8B4A-11D0-8D11-00A0C91BC942}") = "BT2", "BT2\BT2.vcxproj", "{28ADBCDC-9D3B-43BE-AFBD-6E13D9015D6D}"
EndProject
Project("{8BC9CEB8-8B4A-11D0-8D11-00A0C91BC942}") = "BT4", "BT4\BT4.vcxproj", "{7B199047-C4D0-4E73-A69D-6E2C3C4DA5DE}"
EndProject
Project("{8BC9CEB8-8B4A-11D0-8D11-00A0C91BC942}") = "BT3", "BT3\BT3.vcxproj", "{1AE89950-5141-4776-A090-B149A100F51E}"
EndProject
Project("{8BC9CEB8-8B4A-11D0-8D11-00A0C91BC942}") = "BT5", "BT5\BT5.vcxproj", "{6854CF85-5463-41C0-BABC-2625A56CCB76}"
EndProject
Project("{8BC9CEB8-8B4A-11D0-8D11-00A0C91BC942}") = "BT6", "BT6\BT6.vcxproj", "{3FA4C13F-16EC-42D5-8DA2-1F169F748026}"
EndProject
Project("{8BC9CEB8-8B4A-11D0-8D11-00A0C91BC942}") = "BT7", "BT7\BT7.vcxproj", "{48835B99-78CD-438A-A3D7-5ADF4C5B0D79}"
EndProject
Project("{8BC9CEB8-8B4A-11D0-8D11-00A0C91BC942}") = "BT8", "BT8\BT8.vcxproj", "{E050C990-F21A-4218-9215-ECC8E9D125A8}"
EndProject
Project("{8BC9CEB8-8B4A-11D0-8D11-00A0C91BC942}") = "BT9", "BT9\BT9.vcxproj", "{65E34C40-3FC6-4406-9CD3-6373A5D1AAB5}"
EndProject
Project("{8BC9CEB8-8B4A-11D0-8D11-00A0C91BC942}") = "BT10", "BT10\BT10.vcxproj", "{A37023D4-53A4-4755-AF87-74247C61779D}"
EndProject
Project("{8BC9CEB8-8B4A-11D0-8D11-00A0C91BC942}") = "BT11", "BT11\BT11.vcxproj", "{91FE8478-E04E-4B7D-B316-188A27436690}"
EndProject
Project("{8BC9CEB8-8B4A-11D0-8D11-00A0C91BC942}") = "BT12", "BT12\BT12.vcxproj", "{A87239AD-6BA8-4DA6-90E4-C03294546D74}"
EndProject
Project("{8BC9CEB8-8B4A-11D0-8D11-00A0C91BC942}") = "BT13", "BT13\BT13.vcxproj", "{64B1993D-0D13-4237-B9F1-C13FDBCC4BFC}"
EndProject
Global
	GlobalSection(SolutionConfigurationPlatforms) = preSolution
		Debug|x64 = Debug|x64
		Debug|x86 = Debug|x86
		Release|x64 = Release|x64
		Release|x86 = Release|x86
	EndGlobalSection
	GlobalSection(ProjectConfigurationPlatforms) = postSolution
		{89D16E04-D058-45E0-8BFD-35F47CCF510F}.Debug|x64.ActiveCfg = Debug|x64
		{89D16E04-D058-45E0-8BFD-35F47CCF510F}.Debug|x64.Build.0 = Debug|x64
		{89D16E04-D058-45E0-8BFD-35F47CCF510F}.Debug|x86.ActiveCfg = Debug|Win32
		{89D16E04-D058-45E0-8BFD-35F47CCF510F}.Debug|x86.Build.0 = Debug|Win32
		{89D16E04-D058-45E0-8BFD-35F47CCF510F}.Release|x64.ActiveCfg = Release|x64
		{89D16E04-D058-45E0-8BFD-35F47CCF510F}.Release|x64.Build.0 = Release|x64
		{89D16E04-D058-45E0-8BFD-35F47CCF510F}.Release|x86.ActiveCfg = Release|Win32
		{89D16E04-D058-45E0-8BFD-35F47CCF510F}.Release|x86.Build.0 = Release|Win32
		{28ADBCDC-9D3B-43BE-AFBD-6E13D9015D6D}.Debug|x64.ActiveCfg = Debug|x64
		{28ADBCDC-9D3B-43BE-AFBD-6E13D9015D6D}.Debug|x64.Build.0 = Debug|x64
		{28ADBCDC-9D3B-43BE-AFBD-6E13D9015D6D}.Debug|x86.ActiveCfg = Debug|Win32
		{28ADBCDC-9D3B-43BE-AFBD-6E13D9015D6D}.Debug|x86.Build.0 = Debug|Win32
		{28ADBCDC-9D3B-43BE-AFBD-6E13D9015D6D}.Release|x64.ActiveCfg = Release|x64
		{28ADBCDC-9D3B-43BE-AFBD-6E13D9015D6D}.Release|x64.Build.0 = Release|x64
		{28ADBCDC-9D3B-43BE-AFBD-6E13D9015D6D}.Release|x86.ActiveCfg = Release|Win32
		{28ADBCDC-9D3B-43BE-AFBD-6E13D9015D6D}.Release|x86.Build.0 = Release|Win32
		{7B199047-C4D0-4E73-A69D-6E2C3C4DA5DE}.Debug|x64.ActiveCfg = Debug|x64
		{7B199047-C4D0-4E73-A69D-6E2C3C4DA5DE}.Debug|x64.Build.0 = Debug|x64
		{7B199047-C4D0-4E73-A69D-6E2C3C4DA5DE}.Debug|x86.ActiveCfg = Debug|Win32
		{7B199047-C4D0-4E73-A69D-6E2C3C4DA5DE}.Debug|x86.Build.0 = Debug|Win32
		{7B199047-C4D0-4E73-A69D-6E2C3C4DA5DE}.Release|x64.ActiveCfg = Release|x64
		{7B199047-C4D0-4E73-A69D-6E2C3C4DA5DE}.Release|x64.Build.0 = Release|x64
		{7B199047-C4D0-4E73-A69D-6E2C3C4DA5DE}.Release|x86.ActiveCfg = Release|Win32
		{7B199047-C4D0-4E73-A69D-6E2C3C4DA5DE}.Release|x86.Build.0 = Release|Win32
		{1AE89950-5141-4776-A090-B149A100F51E}.Debug|x64.ActiveCfg = Debug|x64
		{1AE89950-5141-4776-A090-B149A100F51E}.Debug|x64.Build.0 = Debug|x64
		{1AE89950-5141-4776-A090-B149A100F51E}.Debug|x86.ActiveCfg = Debug|Win32
		{1AE89950-5141-4776-A090-B149A100F51E}.Debug|x86.Build.0 = Debug|Win32
		{1AE89950-5141-4776-A090-B149A100F51E}.Release|x64.ActiveCfg = Release|x64
		{1AE89950-5141-4776-A090-B149A100F51E}.Release|x64.Build.0 = Release|x64
		{1AE89950-5141-4776-A090-B149A100F51E}.Release|x86.ActiveCfg = Release|Win32
		{1AE89950-5141-4776-A090-B149A100F51E}.Release|x86.Build.0 = Release|Win32
		{6854CF85-5463-41C0-BABC-2625A56CCB76}.Debug|x64.ActiveCfg = Debug|x64
		{6854CF85-5463-41C0-BABC-2625A56CCB76}.Debug|x64.Build.0 = Debug|x64
		{6854CF85-5463-41C0-BABC-2625A56CCB76}.Debug|x86.ActiveCfg = Debug|Win32
		{6854CF85-5463-41C0-BABC-2625A56CCB76}.Debug|x86.Build.0 = Debug|Win32
		{6854CF85-5463-41C0-BABC-2625A56CCB76}.Release|x64.ActiveCfg = Release|x64
		{6854CF85-5463-41C0-BABC-2625A56CCB76}.Release|x64.Build.0 = Release|x64
		{6854CF85-5463-41C0-BABC-2625A56CCB76}.Release|x86.ActiveCfg = Release|Win32
		{6854CF85-5463-41C0-BABC-2625A56CCB76}.Release|x86.Build.0 = Release|Win32
		{3FA4C13F-16EC-42D5-8DA2-1F169F748026}.Debug|x64.ActiveCfg = Debug|x64
		{3FA4C13F-16EC-42D5-8DA2-1F169F748026}.Debug|x64.Build.0 = Debug|x64
		{3FA4C13F-16EC-42D5-8DA2-1F169F748026}.Debug|x86.ActiveCfg = Debug|Win32
		{3FA4C13F-16EC-42D5-8DA2-1F169F748026}.Debug|x86.Build.0 = Debug|Win32
		{3FA4C13F-16EC-42D5-8DA2-1F169F748026}.Release|x64.ActiveCfg = Release|x64
		{3FA4C13F-16EC-42D5-8DA2-1F169F748026}.Release|x64.Build.0 = Release|x64
		{3FA4C13F-16EC-42D5-8DA2-1F169F748026}.Release|x86.ActiveCfg = Release|Win32
		{3FA4C13F-16EC-42D5-8DA2-1F169F748026}.Release|x86.Build.0 = Release|Win32
		{48835B99-78CD-438A-A3D7-5ADF4C5B0D79}.Debug|x64.ActiveCfg = Debug|x64
		{48835B99-78CD-438A-A3D7-5ADF4C5B0D79}.Debug|x64.Build.0 = Debug|x64
		{48835B99-78CD-438A-A3D7-5ADF4C5B0D79}.Debug|x86.ActiveCfg = Debug|Win32
		{48835B99-78CD-438A-A3D7-5ADF4C5B0D79}.Debug|x86.Build.0 = Debug|Win32
		{48835B99-78CD-438A-A3D7-5ADF4C5B0D79}.Release|x64.ActiveCfg = Release|x64
		{48835B99-78CD-438A-A3D7-5ADF4C5B0D79}.Release|x64.Build.0 = Release|x64
		{48835B99-78CD-438A-A3D7-5ADF4C5B0D79}.Release|x86.ActiveCfg = Release|Win32
		{48835B99-78CD-438A-A3D7-5ADF4C5B0D79}.Release|x86.Build.0 = Release|Win32
		{E050C990-F21A-4218-9215-ECC8E9D125A8}.Debug|x64.ActiveCfg = Debug|x64
		{E050C990-F21A-4218-9215-ECC8E9D125A8}.Debug|x64.Build.0 = Debug|x64
		{E050C990-F21A-4218-9215-ECC8E9D125A8}.Debug|x86.ActiveCfg = Debug|Win32
		{E050C990-F21A-4218-9215-ECC8E9D125A8}.Debug|x86.Build.0 = Debug|Win32
		{E050C990-F21A-4218-9215-ECC8E9D125A8}.Release|x64.ActiveCfg = Release|x64
		{E050C990-F21A-4218-9215-ECC8E9D125A8}.Release|x64.Build.0 = Release|x64
		{E050C990-F21A-4218-9215-ECC8E9D125A8}.Release|x86.ActiveCfg = Release|Win32
		{E050C990-F21A-4218-9215-ECC8E9D125A8}.Release|x86.Build.0 = Release|Win32
		{65E34C40-3FC6-4406-9CD3-6373A5D1AAB5}.Debug|x64.ActiveCfg = Debug|x64
		{65E34C40-3FC6-4406-9CD3-6373A5D1AAB5}.Debug|x64.Build.0 = Debug|x64
		{65E34C40-3FC6-4406-9CD3-6373A5D1AAB5}.Debug|x86.ActiveCfg = Debug|Win32
		{65E34C40-3FC6-4406-9CD3-6373A5D1AAB5}.Debug|x86.Build.0 = Debug|Win32
		{65E34C40-3FC6-4406-9CD3-6373A5D1AAB5}.Release|x64.ActiveCfg = Release|x64
		{65E34C40-3FC6-4406-9CD3-6373A5D1AAB5}.Release|x64.Build.0 = Release|x64
		{65E34C40-3FC6-4406-9CD3-6373A5D1AAB5}.Release|x86.ActiveCfg = Release|Win32
		{65E34C40-3FC6-4406-9CD3-6373A5D1AAB5}.Release|x86.Build.0 = Release|Win32
		{A37023D4-53A4-4755-AF87-74247C61779D}.Debug|x64.ActiveCfg = Debug|x64
		{A37023D4-53A4-4755-AF87-74247C61779D}.Debug|x64.Build.0 = Debug|x64
		{A37023D4-53A4-4755-AF87-74247C61779D}.Debug|x86.ActiveCfg = Debug|Win32
		{A37023D4-53A4-4755-AF87-74247C61779D}.Debug|x86.Build.0 = Debug|Win32
		{A37023D4-53A4-4755-AF87-74247C61779D}.Release|x64.ActiveCfg = Release|x64
		{A37023D4-53A4-4755-AF87-74247C61779D}.Release|x64.Build.0 = Release|x64
		{A37023D4-53A4-4755-AF87-74247C61779D}.Release|x86.ActiveCfg = Release|Win32
		{A37023D4-53A4-4755-AF87-74247C61779D}.Release|x86.Build.0 = Release|Win32
		{91FE8478-E04E-4B7D-B316-188A27436690}.Debug|x64.ActiveCfg = Debug|x64
		{91FE8478-E04E-4B7D-B316-188A27436690}.Debug|x64.Build.0 = Debug|x64
		{91FE8478-E04E-4B7D-B316-188A27436690}.Debug|x86.ActiveCfg = Debug|Win32
		{91FE8478-E04E-4B7D-B316-188A27436690}.Debug|x86.Build.0 = Debug|Win32
		{91FE8478-E04E-4B7D-B316-188A27436690}.Release|x64.ActiveCfg = Release|x64
		{91FE8478-E04E-4B7D-B316-188A27436690}.Release|x64.Build.0 = Release|x64
		{91FE8478-E04E-4B7D-B316-188A27436690}.Release|x86.ActiveCfg = Release|Win32
		{91FE8478-E04E-4B7D-B316-188A27436690}.Release|x86.Build.0 = Release|Win32
		{A87239AD-6BA8-4DA6-90E4-C03294546D74}.Debug|x64.ActiveCfg = Debug|x64
		{A87239AD-6BA8-4DA6-90E4-C03294546D74}.Debug|x64.Build.0 = Debug|x64
		{A87239AD-6BA8-4DA6-90E4-C03294546D74}.Debug|x86.ActiveCfg = Debug|Win32
		{A87239AD-6BA8-4DA6-90E4-C03294546D74}.Debug|x86.Build.0 = Debug|Win32
		{A87239AD-6BA8-4DA6-90E4-C03294546D74}.Release|x64.ActiveCfg = Release|x64
		{A87239AD-6BA8-4DA6-90E4-C03294546D74}.Release|x64.Build.0 = Release|x64
		{A87239AD-6BA8-4DA6-90E4-C03294546D74}.Release|x86.ActiveCfg = Release|Win32
		{A87239AD-6BA8-4DA6-90E4-C03294546D74}.Release|x86.Build.0 = Release|Win32
		{64B1993D-0D13-4237-B9F1-C13FDBCC4BFC}.Debug|x64.ActiveCfg = Debug|x64
		{64B1993D-0D13-4237-B9F1-C13FDBCC4BFC}.Debug|x64.Build.0 = Debug|x64
		{64B1993D-0D13-4237-B9F1-C13FDBCC4BFC}.Debug|x86.ActiveCfg = Debug|Win32
		{64B1993D-0D13-4237-B9F1-C13FDBCC4BFC}.Debug|x86.Build.0 = Debug|Win32
		{64B1993D-0D13-4237-B9F1-C13FDBCC4BFC}.Release|x64.ActiveCfg = Release|x64
		{64B1993D-0D13-4237-B9F1-C13FDBCC4BFC}.Release|x64.Build.0 = Release|x64
		{64B1993D-0D13-4237-B9F1-C13FDBCC4BFC}.Release|x86.ActiveCfg = Release|Win32
		{64B1993D-0D13-4237-B9F1-C13FDBCC4BFC}.Release|x86.Build.0 = Release|Win32
	EndGlobalSection
	GlobalSection(SolutionProperties) = preSolution
		HideSolutionNode = FALSE
	EndGlobalSection
	GlobalSection(ExtensibilityGlobals) = postSolution
		SolutionGuid = {433DA037-9624-48E4-8452-9BFB5E90AACE}
	EndGlobalSection
EndGlobal
