
Microsoft Visual Studio Solution File, Format Version 12.00
# Visual Studio Version 17
VisualStudioVersion = 17.6.33723.286
MinimumVisualStudioVersion = 10.0.40219.1
Project("{8BC9CEB8-8B4A-11D0-8D11-00A0C91BC942}") = "BT1", "BT1\BT1.vcxproj", "{53DDA38C-E654-4FA1-9C75-258779F6C54D}"
EndProject
Project("{8BC9CEB8-8B4A-11D0-8D11-00A0C91BC942}") = "BT2", "BT2\BT2.vcxproj", "{4D870C07-A15E-4DF4-97E1-773CCAE6F598}"
EndProject
Project("{8BC9CEB8-8B4A-11D0-8D11-00A0C91BC942}") = "BT3", "BT3\BT3.vcxproj", "{14DCFAB5-3E7D-4C2F-A41B-F1635A7E1AB2}"
EndProject
Project("{8BC9CEB8-8B4A-11D0-8D11-00A0C91BC942}") = "BT4", "BT4\BT4.vcxproj", "{46104A68-A966-4E77-B3F1-7EE89F22E2C4}"
EndProject
Project("{8BC9CEB8-8B4A-11D0-8D11-00A0C91BC942}") = "BT5", "BT5\BT5.vcxproj", "{55A9C4ED-D408-4532-8F6F-26E0F3C09207}"
EndProject
Project("{8BC9CEB8-8B4A-11D0-8D11-00A0C91BC942}") = "BT7", "BT7\BT7.vcxproj", "{C33E3604-A017-4D66-8043-77F277E68834}"
EndProject
Project("{8BC9CEB8-8B4A-11D0-8D11-00A0C91BC942}") = "BT8", "BT8\BT8.vcxproj", "{5C233125-8771-404B-A270-A3C756D715F0}"
EndProject
Project("{8BC9CEB8-8B4A-11D0-8D11-00A0C91BC942}") = "BT6", "BT6\BT6.vcxproj", "{1FC4AF6F-1986-4873-A5C3-7BE36217C033}"
EndProject
Project("{8BC9CEB8-8B4A-11D0-8D11-00A0C91BC942}") = "BT9", "BT9\BT9.vcxproj", "{FA9B06E0-C3B5-47DC-9AF6-68207BE06AE5}"
EndProject
Project("{8BC9CEB8-8B4A-11D0-8D11-00A0C91BC942}") = "BT10", "BT10\BT10.vcxproj", "{9EBFE404-3CED-4320-96F4-88BB33FEB2DE}"
EndProject
Project("{8BC9CEB8-8B4A-11D0-8D11-00A0C91BC942}") = "BT12", "BT12\BT12.vcxproj", "{CDA55765-7CB6-4C30-95A9-74D1B4A02115}"
EndProject
Project("{8BC9CEB8-8B4A-11D0-8D11-00A0C91BC942}") = "BT11-C2", "BT11-C2\BT11-C2.vcxproj", "{5D55CA0E-F67E-44FA-986F-DB353BAB0AA3}"
EndProject
Project("{8BC9CEB8-8B4A-11D0-8D11-00A0C91BC942}") = "BT11-C1", "BT11-C1\BT11-C1.vcxproj", "{85A10ACF-07E2-4801-BEB2-BF78A5DA4781}"
EndProject
Project("{8BC9CEB8-8B4A-11D0-8D11-00A0C91BC942}") = "BT13", "BT13\BT13.vcxproj", "{6C5857C6-EBB7-4CC5-A3CF-E3410B43F4B0}"
EndProject
Project("{8BC9CEB8-8B4A-11D0-8D11-00A0C91BC942}") = "BT14", "BT14\BT14.vcxproj", "{D8892157-BC43-4FB8-8C68-609A8526F5DC}"
EndProject
Global
	GlobalSection(SolutionConfigurationPlatforms) = preSolution
		Debug|x64 = Debug|x64
		Debug|x86 = Debug|x86
		Release|x64 = Release|x64
		Release|x86 = Release|x86
	EndGlobalSection
	GlobalSection(ProjectConfigurationPlatforms) = postSolution
		{53DDA38C-E654-4FA1-9C75-258779F6C54D}.Debug|x64.ActiveCfg = Debug|x64
		{53DDA38C-E654-4FA1-9C75-258779F6C54D}.Debug|x64.Build.0 = Debug|x64
		{53DDA38C-E654-4FA1-9C75-258779F6C54D}.Debug|x86.ActiveCfg = Debug|Win32
		{53DDA38C-E654-4FA1-9C75-258779F6C54D}.Debug|x86.Build.0 = Debug|Win32
		{53DDA38C-E654-4FA1-9C75-258779F6C54D}.Release|x64.ActiveCfg = Release|x64
		{53DDA38C-E654-4FA1-9C75-258779F6C54D}.Release|x64.Build.0 = Release|x64
		{53DDA38C-E654-4FA1-9C75-258779F6C54D}.Release|x86.ActiveCfg = Release|Win32
		{53DDA38C-E654-4FA1-9C75-258779F6C54D}.Release|x86.Build.0 = Release|Win32
		{4D870C07-A15E-4DF4-97E1-773CCAE6F598}.Debug|x64.ActiveCfg = Debug|x64
		{4D870C07-A15E-4DF4-97E1-773CCAE6F598}.Debug|x64.Build.0 = Debug|x64
		{4D870C07-A15E-4DF4-97E1-773CCAE6F598}.Debug|x86.ActiveCfg = Debug|Win32
		{4D870C07-A15E-4DF4-97E1-773CCAE6F598}.Debug|x86.Build.0 = Debug|Win32
		{4D870C07-A15E-4DF4-97E1-773CCAE6F598}.Release|x64.ActiveCfg = Release|x64
		{4D870C07-A15E-4DF4-97E1-773CCAE6F598}.Release|x64.Build.0 = Release|x64
		{4D870C07-A15E-4DF4-97E1-773CCAE6F598}.Release|x86.ActiveCfg = Release|Win32
		{4D870C07-A15E-4DF4-97E1-773CCAE6F598}.Release|x86.Build.0 = Release|Win32
		{14DCFAB5-3E7D-4C2F-A41B-F1635A7E1AB2}.Debug|x64.ActiveCfg = Debug|x64
		{14DCFAB5-3E7D-4C2F-A41B-F1635A7E1AB2}.Debug|x64.Build.0 = Debug|x64
		{14DCFAB5-3E7D-4C2F-A41B-F1635A7E1AB2}.Debug|x86.ActiveCfg = Debug|Win32
		{14DCFAB5-3E7D-4C2F-A41B-F1635A7E1AB2}.Debug|x86.Build.0 = Debug|Win32
		{14DCFAB5-3E7D-4C2F-A41B-F1635A7E1AB2}.Release|x64.ActiveCfg = Release|x64
		{14DCFAB5-3E7D-4C2F-A41B-F1635A7E1AB2}.Release|x64.Build.0 = Release|x64
		{14DCFAB5-3E7D-4C2F-A41B-F1635A7E1AB2}.Release|x86.ActiveCfg = Release|Win32
		{14DCFAB5-3E7D-4C2F-A41B-F1635A7E1AB2}.Release|x86.Build.0 = Release|Win32
		{46104A68-A966-4E77-B3F1-7EE89F22E2C4}.Debug|x64.ActiveCfg = Debug|x64
		{46104A68-A966-4E77-B3F1-7EE89F22E2C4}.Debug|x64.Build.0 = Debug|x64
		{46104A68-A966-4E77-B3F1-7EE89F22E2C4}.Debug|x86.ActiveCfg = Debug|Win32
		{46104A68-A966-4E77-B3F1-7EE89F22E2C4}.Debug|x86.Build.0 = Debug|Win32
		{46104A68-A966-4E77-B3F1-7EE89F22E2C4}.Release|x64.ActiveCfg = Release|x64
		{46104A68-A966-4E77-B3F1-7EE89F22E2C4}.Release|x64.Build.0 = Release|x64
		{46104A68-A966-4E77-B3F1-7EE89F22E2C4}.Release|x86.ActiveCfg = Release|Win32
		{46104A68-A966-4E77-B3F1-7EE89F22E2C4}.Release|x86.Build.0 = Release|Win32
		{55A9C4ED-D408-4532-8F6F-26E0F3C09207}.Debug|x64.ActiveCfg = Debug|x64
		{55A9C4ED-D408-4532-8F6F-26E0F3C09207}.Debug|x64.Build.0 = Debug|x64
		{55A9C4ED-D408-4532-8F6F-26E0F3C09207}.Debug|x86.ActiveCfg = Debug|Win32
		{55A9C4ED-D408-4532-8F6F-26E0F3C09207}.Debug|x86.Build.0 = Debug|Win32
		{55A9C4ED-D408-4532-8F6F-26E0F3C09207}.Release|x64.ActiveCfg = Release|x64
		{55A9C4ED-D408-4532-8F6F-26E0F3C09207}.Release|x64.Build.0 = Release|x64
		{55A9C4ED-D408-4532-8F6F-26E0F3C09207}.Release|x86.ActiveCfg = Release|Win32
		{55A9C4ED-D408-4532-8F6F-26E0F3C09207}.Release|x86.Build.0 = Release|Win32
		{C33E3604-A017-4D66-8043-77F277E68834}.Debug|x64.ActiveCfg = Debug|x64
		{C33E3604-A017-4D66-8043-77F277E68834}.Debug|x64.Build.0 = Debug|x64
		{C33E3604-A017-4D66-8043-77F277E68834}.Debug|x86.ActiveCfg = Debug|Win32
		{C33E3604-A017-4D66-8043-77F277E68834}.Debug|x86.Build.0 = Debug|Win32
		{C33E3604-A017-4D66-8043-77F277E68834}.Release|x64.ActiveCfg = Release|x64
		{C33E3604-A017-4D66-8043-77F277E68834}.Release|x64.Build.0 = Release|x64
		{C33E3604-A017-4D66-8043-77F277E68834}.Release|x86.ActiveCfg = Release|Win32
		{C33E3604-A017-4D66-8043-77F277E68834}.Release|x86.Build.0 = Release|Win32
		{5C233125-8771-404B-A270-A3C756D715F0}.Debug|x64.ActiveCfg = Debug|x64
		{5C233125-8771-404B-A270-A3C756D715F0}.Debug|x64.Build.0 = Debug|x64
		{5C233125-8771-404B-A270-A3C756D715F0}.Debug|x86.ActiveCfg = Debug|Win32
		{5C233125-8771-404B-A270-A3C756D715F0}.Debug|x86.Build.0 = Debug|Win32
		{5C233125-8771-404B-A270-A3C756D715F0}.Release|x64.ActiveCfg = Release|x64
		{5C233125-8771-404B-A270-A3C756D715F0}.Release|x64.Build.0 = Release|x64
		{5C233125-8771-404B-A270-A3C756D715F0}.Release|x86.ActiveCfg = Release|Win32
		{5C233125-8771-404B-A270-A3C756D715F0}.Release|x86.Build.0 = Release|Win32
		{1FC4AF6F-1986-4873-A5C3-7BE36217C033}.Debug|x64.ActiveCfg = Debug|x64
		{1FC4AF6F-1986-4873-A5C3-7BE36217C033}.Debug|x64.Build.0 = Debug|x64
		{1FC4AF6F-1986-4873-A5C3-7BE36217C033}.Debug|x86.ActiveCfg = Debug|Win32
		{1FC4AF6F-1986-4873-A5C3-7BE36217C033}.Debug|x86.Build.0 = Debug|Win32
		{1FC4AF6F-1986-4873-A5C3-7BE36217C033}.Release|x64.ActiveCfg = Release|x64
		{1FC4AF6F-1986-4873-A5C3-7BE36217C033}.Release|x64.Build.0 = Release|x64
		{1FC4AF6F-1986-4873-A5C3-7BE36217C033}.Release|x86.ActiveCfg = Release|Win32
		{1FC4AF6F-1986-4873-A5C3-7BE36217C033}.Release|x86.Build.0 = Release|Win32
		{FA9B06E0-C3B5-47DC-9AF6-68207BE06AE5}.Debug|x64.ActiveCfg = Debug|x64
		{FA9B06E0-C3B5-47DC-9AF6-68207BE06AE5}.Debug|x64.Build.0 = Debug|x64
		{FA9B06E0-C3B5-47DC-9AF6-68207BE06AE5}.Debug|x86.ActiveCfg = Debug|Win32
		{FA9B06E0-C3B5-47DC-9AF6-68207BE06AE5}.Debug|x86.Build.0 = Debug|Win32
		{FA9B06E0-C3B5-47DC-9AF6-68207BE06AE5}.Release|x64.ActiveCfg = Release|x64
		{FA9B06E0-C3B5-47DC-9AF6-68207BE06AE5}.Release|x64.Build.0 = Release|x64
		{FA9B06E0-C3B5-47DC-9AF6-68207BE06AE5}.Release|x86.ActiveCfg = Release|Win32
		{FA9B06E0-C3B5-47DC-9AF6-68207BE06AE5}.Release|x86.Build.0 = Release|Win32
		{9EBFE404-3CED-4320-96F4-88BB33FEB2DE}.Debug|x64.ActiveCfg = Debug|x64
		{9EBFE404-3CED-4320-96F4-88BB33FEB2DE}.Debug|x64.Build.0 = Debug|x64
		{9EBFE404-3CED-4320-96F4-88BB33FEB2DE}.Debug|x86.ActiveCfg = Debug|Win32
		{9EBFE404-3CED-4320-96F4-88BB33FEB2DE}.Debug|x86.Build.0 = Debug|Win32
		{9EBFE404-3CED-4320-96F4-88BB33FEB2DE}.Release|x64.ActiveCfg = Release|x64
		{9EBFE404-3CED-4320-96F4-88BB33FEB2DE}.Release|x64.Build.0 = Release|x64
		{9EBFE404-3CED-4320-96F4-88BB33FEB2DE}.Release|x86.ActiveCfg = Release|Win32
		{9EBFE404-3CED-4320-96F4-88BB33FEB2DE}.Release|x86.Build.0 = Release|Win32
		{CDA55765-7CB6-4C30-95A9-74D1B4A02115}.Debug|x64.ActiveCfg = Debug|x64
		{CDA55765-7CB6-4C30-95A9-74D1B4A02115}.Debug|x64.Build.0 = Debug|x64
		{CDA55765-7CB6-4C30-95A9-74D1B4A02115}.Debug|x86.ActiveCfg = Debug|Win32
		{CDA55765-7CB6-4C30-95A9-74D1B4A02115}.Debug|x86.Build.0 = Debug|Win32
		{CDA55765-7CB6-4C30-95A9-74D1B4A02115}.Release|x64.ActiveCfg = Release|x64
		{CDA55765-7CB6-4C30-95A9-74D1B4A02115}.Release|x64.Build.0 = Release|x64
		{CDA55765-7CB6-4C30-95A9-74D1B4A02115}.Release|x86.ActiveCfg = Release|Win32
		{CDA55765-7CB6-4C30-95A9-74D1B4A02115}.Release|x86.Build.0 = Release|Win32
		{5D55CA0E-F67E-44FA-986F-DB353BAB0AA3}.Debug|x64.ActiveCfg = Debug|x64
		{5D55CA0E-F67E-44FA-986F-DB353BAB0AA3}.Debug|x64.Build.0 = Debug|x64
		{5D55CA0E-F67E-44FA-986F-DB353BAB0AA3}.Debug|x86.ActiveCfg = Debug|Win32
		{5D55CA0E-F67E-44FA-986F-DB353BAB0AA3}.Debug|x86.Build.0 = Debug|Win32
		{5D55CA0E-F67E-44FA-986F-DB353BAB0AA3}.Release|x64.ActiveCfg = Release|x64
		{5D55CA0E-F67E-44FA-986F-DB353BAB0AA3}.Release|x64.Build.0 = Release|x64
		{5D55CA0E-F67E-44FA-986F-DB353BAB0AA3}.Release|x86.ActiveCfg = Release|Win32
		{5D55CA0E-F67E-44FA-986F-DB353BAB0AA3}.Release|x86.Build.0 = Release|Win32
		{85A10ACF-07E2-4801-BEB2-BF78A5DA4781}.Debug|x64.ActiveCfg = Debug|x64
		{85A10ACF-07E2-4801-BEB2-BF78A5DA4781}.Debug|x64.Build.0 = Debug|x64
		{85A10ACF-07E2-4801-BEB2-BF78A5DA4781}.Debug|x86.ActiveCfg = Debug|Win32
		{85A10ACF-07E2-4801-BEB2-BF78A5DA4781}.Debug|x86.Build.0 = Debug|Win32
		{85A10ACF-07E2-4801-BEB2-BF78A5DA4781}.Release|x64.ActiveCfg = Release|x64
		{85A10ACF-07E2-4801-BEB2-BF78A5DA4781}.Release|x64.Build.0 = Release|x64
		{85A10ACF-07E2-4801-BEB2-BF78A5DA4781}.Release|x86.ActiveCfg = Release|Win32
		{85A10ACF-07E2-4801-BEB2-BF78A5DA4781}.Release|x86.Build.0 = Release|Win32
		{6C5857C6-EBB7-4CC5-A3CF-E3410B43F4B0}.Debug|x64.ActiveCfg = Debug|x64
		{6C5857C6-EBB7-4CC5-A3CF-E3410B43F4B0}.Debug|x64.Build.0 = Debug|x64
		{6C5857C6-EBB7-4CC5-A3CF-E3410B43F4B0}.Debug|x86.ActiveCfg = Debug|Win32
		{6C5857C6-EBB7-4CC5-A3CF-E3410B43F4B0}.Debug|x86.Build.0 = Debug|Win32
		{6C5857C6-EBB7-4CC5-A3CF-E3410B43F4B0}.Release|x64.ActiveCfg = Release|x64
		{6C5857C6-EBB7-4CC5-A3CF-E3410B43F4B0}.Release|x64.Build.0 = Release|x64
		{6C5857C6-EBB7-4CC5-A3CF-E3410B43F4B0}.Release|x86.ActiveCfg = Release|Win32
		{6C5857C6-EBB7-4CC5-A3CF-E3410B43F4B0}.Release|x86.Build.0 = Release|Win32
		{D8892157-BC43-4FB8-8C68-609A8526F5DC}.Debug|x64.ActiveCfg = Debug|x64
		{D8892157-BC43-4FB8-8C68-609A8526F5DC}.Debug|x64.Build.0 = Debug|x64
		{D8892157-BC43-4FB8-8C68-609A8526F5DC}.Debug|x86.ActiveCfg = Debug|Win32
		{D8892157-BC43-4FB8-8C68-609A8526F5DC}.Debug|x86.Build.0 = Debug|Win32
		{D8892157-BC43-4FB8-8C68-609A8526F5DC}.Release|x64.ActiveCfg = Release|x64
		{D8892157-BC43-4FB8-8C68-609A8526F5DC}.Release|x64.Build.0 = Release|x64
		{D8892157-BC43-4FB8-8C68-609A8526F5DC}.Release|x86.ActiveCfg = Release|Win32
		{D8892157-BC43-4FB8-8C68-609A8526F5DC}.Release|x86.Build.0 = Release|Win32
	EndGlobalSection
	GlobalSection(SolutionProperties) = preSolution
		HideSolutionNode = FALSE
	EndGlobalSection
	GlobalSection(ExtensibilityGlobals) = postSolution
		SolutionGuid = {C4603C67-4EB1-42F1-80BD-45005D45BD19}
	EndGlobalSection
EndGlobal
