
Microsoft Visual Studio Solution File, Format Version 12.00
# Visual Studio Version 17
VisualStudioVersion = 17.6.33723.286
MinimumVisualStudioVersion = 10.0.40219.1
Project("{8BC9CEB8-8B4A-11D0-8D11-00A0C91BC942}") = "B1", "B1\B1.vcxproj", "{4D09A8ED-12F4-46D4-BDF9-10A4900B1EF0}"
EndProject
Project("{8BC9CEB8-8B4A-11D0-8D11-00A0C91BC942}") = "B10", "B10\B10.vcxproj", "{D6287916-F540-4DED-94EB-A80B254E40E7}"
EndProject
Project("{8BC9CEB8-8B4A-11D0-8D11-00A0C91BC942}") = "B2", "B2\B2.vcxproj", "{4BF115FD-6258-4EF7-B52D-3974C087CE96}"
EndProject
Project("{8BC9CEB8-8B4A-11D0-8D11-00A0C91BC942}") = "B3", "B3\B3.vcxproj", "{BD7508F9-0EE4-4F4F-A2F4-0308657D55F4}"
EndProject
Project("{8BC9CEB8-8B4A-11D0-8D11-00A0C91BC942}") = "B4", "B4\B4.vcxproj", "{B6C7034B-1177-4068-ADAD-4B279C979830}"
EndProject
Project("{8BC9CEB8-8B4A-11D0-8D11-00A0C91BC942}") = "B5", "B5\B5.vcxproj", "{E690F868-6B0B-414B-8BBC-DF3507BB2A8D}"
EndProject
Project("{8BC9CEB8-8B4A-11D0-8D11-00A0C91BC942}") = "B6", "B6\B6.vcxproj", "{B2B094C9-30A0-44CD-8A5A-3969DC72CB0E}"
EndProject
Project("{8BC9CEB8-8B4A-11D0-8D11-00A0C91BC942}") = "B7", "B7\B7.vcxproj", "{DF30EE5F-8A11-4127-96E7-0C97E44321F2}"
EndProject
Project("{8BC9CEB8-8B4A-11D0-8D11-00A0C91BC942}") = "B8", "B8\B8.vcxproj", "{71BE348A-1CE3-4082-87A0-0819264C681D}"
EndProject
Project("{8BC9CEB8-8B4A-11D0-8D11-00A0C91BC942}") = "B9", "B9\B9.vcxproj", "{7778F871-B88F-4601-8DD0-CDB4EE8EBD9E}"
EndProject
Project("{8BC9CEB8-8B4A-11D0-8D11-00A0C91BC942}") = "B11", "B11\B11.vcxproj", "{54EACF62-0FAE-4D3F-8BA9-FF7362DD1420}"
EndProject
Global
	GlobalSection(SolutionConfigurationPlatforms) = preSolution
		Debug|x64 = Debug|x64
		Debug|x86 = Debug|x86
		Release|x64 = Release|x64
		Release|x86 = Release|x86
	EndGlobalSection
	GlobalSection(ProjectConfigurationPlatforms) = postSolution
		{4D09A8ED-12F4-46D4-BDF9-10A4900B1EF0}.Debug|x64.ActiveCfg = Debug|x64
		{4D09A8ED-12F4-46D4-BDF9-10A4900B1EF0}.Debug|x64.Build.0 = Debug|x64
		{4D09A8ED-12F4-46D4-BDF9-10A4900B1EF0}.Debug|x86.ActiveCfg = Debug|Win32
		{4D09A8ED-12F4-46D4-BDF9-10A4900B1EF0}.Debug|x86.Build.0 = Debug|Win32
		{4D09A8ED-12F4-46D4-BDF9-10A4900B1EF0}.Release|x64.ActiveCfg = Release|x64
		{4D09A8ED-12F4-46D4-BDF9-10A4900B1EF0}.Release|x64.Build.0 = Release|x64
		{4D09A8ED-12F4-46D4-BDF9-10A4900B1EF0}.Release|x86.ActiveCfg = Release|Win32
		{4D09A8ED-12F4-46D4-BDF9-10A4900B1EF0}.Release|x86.Build.0 = Release|Win32
		{D6287916-F540-4DED-94EB-A80B254E40E7}.Debug|x64.ActiveCfg = Debug|x64
		{D6287916-F540-4DED-94EB-A80B254E40E7}.Debug|x64.Build.0 = Debug|x64
		{D6287916-F540-4DED-94EB-A80B254E40E7}.Debug|x86.ActiveCfg = Debug|Win32
		{D6287916-F540-4DED-94EB-A80B254E40E7}.Debug|x86.Build.0 = Debug|Win32
		{D6287916-F540-4DED-94EB-A80B254E40E7}.Release|x64.ActiveCfg = Release|x64
		{D6287916-F540-4DED-94EB-A80B254E40E7}.Release|x64.Build.0 = Release|x64
		{D6287916-F540-4DED-94EB-A80B254E40E7}.Release|x86.ActiveCfg = Release|Win32
		{D6287916-F540-4DED-94EB-A80B254E40E7}.Release|x86.Build.0 = Release|Win32
		{4BF115FD-6258-4EF7-B52D-3974C087CE96}.Debug|x64.ActiveCfg = Debug|x64
		{4BF115FD-6258-4EF7-B52D-3974C087CE96}.Debug|x64.Build.0 = Debug|x64
		{4BF115FD-6258-4EF7-B52D-3974C087CE96}.Debug|x86.ActiveCfg = Debug|Win32
		{4BF115FD-6258-4EF7-B52D-3974C087CE96}.Debug|x86.Build.0 = Debug|Win32
		{4BF115FD-6258-4EF7-B52D-3974C087CE96}.Release|x64.ActiveCfg = Release|x64
		{4BF115FD-6258-4EF7-B52D-3974C087CE96}.Release|x64.Build.0 = Release|x64
		{4BF115FD-6258-4EF7-B52D-3974C087CE96}.Release|x86.ActiveCfg = Release|Win32
		{4BF115FD-6258-4EF7-B52D-3974C087CE96}.Release|x86.Build.0 = Release|Win32
		{BD7508F9-0EE4-4F4F-A2F4-0308657D55F4}.Debug|x64.ActiveCfg = Debug|x64
		{BD7508F9-0EE4-4F4F-A2F4-0308657D55F4}.Debug|x64.Build.0 = Debug|x64
		{BD7508F9-0EE4-4F4F-A2F4-0308657D55F4}.Debug|x86.ActiveCfg = Debug|Win32
		{BD7508F9-0EE4-4F4F-A2F4-0308657D55F4}.Debug|x86.Build.0 = Debug|Win32
		{BD7508F9-0EE4-4F4F-A2F4-0308657D55F4}.Release|x64.ActiveCfg = Release|x64
		{BD7508F9-0EE4-4F4F-A2F4-0308657D55F4}.Release|x64.Build.0 = Release|x64
		{BD7508F9-0EE4-4F4F-A2F4-0308657D55F4}.Release|x86.ActiveCfg = Release|Win32
		{BD7508F9-0EE4-4F4F-A2F4-0308657D55F4}.Release|x86.Build.0 = Release|Win32
		{B6C7034B-1177-4068-ADAD-4B279C979830}.Debug|x64.ActiveCfg = Debug|x64
		{B6C7034B-1177-4068-ADAD-4B279C979830}.Debug|x64.Build.0 = Debug|x64
		{B6C7034B-1177-4068-ADAD-4B279C979830}.Debug|x86.ActiveCfg = Debug|Win32
		{B6C7034B-1177-4068-ADAD-4B279C979830}.Debug|x86.Build.0 = Debug|Win32
		{B6C7034B-1177-4068-ADAD-4B279C979830}.Release|x64.ActiveCfg = Release|x64
		{B6C7034B-1177-4068-ADAD-4B279C979830}.Release|x64.Build.0 = Release|x64
		{B6C7034B-1177-4068-ADAD-4B279C979830}.Release|x86.ActiveCfg = Release|Win32
		{B6C7034B-1177-4068-ADAD-4B279C979830}.Release|x86.Build.0 = Release|Win32
		{E690F868-6B0B-414B-8BBC-DF3507BB2A8D}.Debug|x64.ActiveCfg = Debug|x64
		{E690F868-6B0B-414B-8BBC-DF3507BB2A8D}.Debug|x64.Build.0 = Debug|x64
		{E690F868-6B0B-414B-8BBC-DF3507BB2A8D}.Debug|x86.ActiveCfg = Debug|Win32
		{E690F868-6B0B-414B-8BBC-DF3507BB2A8D}.Debug|x86.Build.0 = Debug|Win32
		{E690F868-6B0B-414B-8BBC-DF3507BB2A8D}.Release|x64.ActiveCfg = Release|x64
		{E690F868-6B0B-414B-8BBC-DF3507BB2A8D}.Release|x64.Build.0 = Release|x64
		{E690F868-6B0B-414B-8BBC-DF3507BB2A8D}.Release|x86.ActiveCfg = Release|Win32
		{E690F868-6B0B-414B-8BBC-DF3507BB2A8D}.Release|x86.Build.0 = Release|Win32
		{B2B094C9-30A0-44CD-8A5A-3969DC72CB0E}.Debug|x64.ActiveCfg = Debug|x64
		{B2B094C9-30A0-44CD-8A5A-3969DC72CB0E}.Debug|x64.Build.0 = Debug|x64
		{B2B094C9-30A0-44CD-8A5A-3969DC72CB0E}.Debug|x86.ActiveCfg = Debug|Win32
		{B2B094C9-30A0-44CD-8A5A-3969DC72CB0E}.Debug|x86.Build.0 = Debug|Win32
		{B2B094C9-30A0-44CD-8A5A-3969DC72CB0E}.Release|x64.ActiveCfg = Release|x64
		{B2B094C9-30A0-44CD-8A5A-3969DC72CB0E}.Release|x64.Build.0 = Release|x64
		{B2B094C9-30A0-44CD-8A5A-3969DC72CB0E}.Release|x86.ActiveCfg = Release|Win32
		{B2B094C9-30A0-44CD-8A5A-3969DC72CB0E}.Release|x86.Build.0 = Release|Win32
		{DF30EE5F-8A11-4127-96E7-0C97E44321F2}.Debug|x64.ActiveCfg = Debug|x64
		{DF30EE5F-8A11-4127-96E7-0C97E44321F2}.Debug|x64.Build.0 = Debug|x64
		{DF30EE5F-8A11-4127-96E7-0C97E44321F2}.Debug|x86.ActiveCfg = Debug|Win32
		{DF30EE5F-8A11-4127-96E7-0C97E44321F2}.Debug|x86.Build.0 = Debug|Win32
		{DF30EE5F-8A11-4127-96E7-0C97E44321F2}.Release|x64.ActiveCfg = Release|x64
		{DF30EE5F-8A11-4127-96E7-0C97E44321F2}.Release|x64.Build.0 = Release|x64
		{DF30EE5F-8A11-4127-96E7-0C97E44321F2}.Release|x86.ActiveCfg = Release|Win32
		{DF30EE5F-8A11-4127-96E7-0C97E44321F2}.Release|x86.Build.0 = Release|Win32
		{71BE348A-1CE3-4082-87A0-0819264C681D}.Debug|x64.ActiveCfg = Debug|x64
		{71BE348A-1CE3-4082-87A0-0819264C681D}.Debug|x64.Build.0 = Debug|x64
		{71BE348A-1CE3-4082-87A0-0819264C681D}.Debug|x86.ActiveCfg = Debug|Win32
		{71BE348A-1CE3-4082-87A0-0819264C681D}.Debug|x86.Build.0 = Debug|Win32
		{71BE348A-1CE3-4082-87A0-0819264C681D}.Release|x64.ActiveCfg = Release|x64
		{71BE348A-1CE3-4082-87A0-0819264C681D}.Release|x64.Build.0 = Release|x64
		{71BE348A-1CE3-4082-87A0-0819264C681D}.Release|x86.ActiveCfg = Release|Win32
		{71BE348A-1CE3-4082-87A0-0819264C681D}.Release|x86.Build.0 = Release|Win32
		{7778F871-B88F-4601-8DD0-CDB4EE8EBD9E}.Debug|x64.ActiveCfg = Debug|x64
		{7778F871-B88F-4601-8DD0-CDB4EE8EBD9E}.Debug|x64.Build.0 = Debug|x64
		{7778F871-B88F-4601-8DD0-CDB4EE8EBD9E}.Debug|x86.ActiveCfg = Debug|Win32
		{7778F871-B88F-4601-8DD0-CDB4EE8EBD9E}.Debug|x86.Build.0 = Debug|Win32
		{7778F871-B88F-4601-8DD0-CDB4EE8EBD9E}.Release|x64.ActiveCfg = Release|x64
		{7778F871-B88F-4601-8DD0-CDB4EE8EBD9E}.Release|x64.Build.0 = Release|x64
		{7778F871-B88F-4601-8DD0-CDB4EE8EBD9E}.Release|x86.ActiveCfg = Release|Win32
		{7778F871-B88F-4601-8DD0-CDB4EE8EBD9E}.Release|x86.Build.0 = Release|Win32
		{54EACF62-0FAE-4D3F-8BA9-FF7362DD1420}.Debug|x64.ActiveCfg = Debug|x64
		{54EACF62-0FAE-4D3F-8BA9-FF7362DD1420}.Debug|x64.Build.0 = Debug|x64
		{54EACF62-0FAE-4D3F-8BA9-FF7362DD1420}.Debug|x86.ActiveCfg = Debug|Win32
		{54EACF62-0FAE-4D3F-8BA9-FF7362DD1420}.Debug|x86.Build.0 = Debug|Win32
		{54EACF62-0FAE-4D3F-8BA9-FF7362DD1420}.Release|x64.ActiveCfg = Release|x64
		{54EACF62-0FAE-4D3F-8BA9-FF7362DD1420}.Release|x64.Build.0 = Release|x64
		{54EACF62-0FAE-4D3F-8BA9-FF7362DD1420}.Release|x86.ActiveCfg = Release|Win32
		{54EACF62-0FAE-4D3F-8BA9-FF7362DD1420}.Release|x86.Build.0 = Release|Win32
	EndGlobalSection
	GlobalSection(SolutionProperties) = preSolution
		HideSolutionNode = FALSE
	EndGlobalSection
	GlobalSection(ExtensibilityGlobals) = postSolution
		SolutionGuid = {8E284C24-2657-4645-9E6D-09E9617E6ED6}
	EndGlobalSection
EndGlobal
