
Microsoft Visual Studio Solution File, Format Version 12.00
# Visual Studio Version 17
VisualStudioVersion = 17.7.34221.43
MinimumVisualStudioVersion = 10.0.40219.1
Project("{8BC9CEB8-8B4A-11D0-8D11-00A0C91BC942}") = "BT1", "BT1\BT1.vcxproj", "{F24C2B73-7B6A-45F3-8A3B-296BAC936101}"
EndProject
Project("{8BC9CEB8-8B4A-11D0-8D11-00A0C91BC942}") = "BT2", "BT2\BT2.vcxproj", "{7B22767F-579B-442A-9C8B-C46134294AC8}"
EndProject
Project("{8BC9CEB8-8B4A-11D0-8D11-00A0C91BC942}") = "BT3", "BT3\BT3.vcxproj", "{F96D47F8-1631-48C9-BA5E-2E5795EF0A52}"
EndProject
Project("{8BC9CEB8-8B4A-11D0-8D11-00A0C91BC942}") = "BT4", "BT4\BT4.vcxproj", "{78FC4B37-C326-4992-95F9-FA72920FEB05}"
EndProject
Project("{8BC9CEB8-8B4A-11D0-8D11-00A0C91BC942}") = "BT5", "BT5\BT5.vcxproj", "{1B9DB29F-BF08-4342-A4D0-DDA905C9A4F7}"
EndProject
Project("{8BC9CEB8-8B4A-11D0-8D11-00A0C91BC942}") = "BT6", "BT6\BT6.vcxproj", "{0D5FC543-3175-4ABB-8F0A-C1BE24BCD765}"
EndProject
Project("{8BC9CEB8-8B4A-11D0-8D11-00A0C91BC942}") = "BT7", "BT7\BT7.vcxproj", "{DEE92D70-EF9C-438B-BEE9-20583D62304C}"
EndProject
Project("{8BC9CEB8-8B4A-11D0-8D11-00A0C91BC942}") = "BT8", "BT8\BT8.vcxproj", "{10C29974-D469-4090-A762-DF4F2DDB508E}"
EndProject
Project("{8BC9CEB8-8B4A-11D0-8D11-00A0C91BC942}") = "BT9", "BT9\BT9.vcxproj", "{4E0034E8-25B9-49B2-9C03-5523ED6ACCCD}"
EndProject
Project("{8BC9CEB8-8B4A-11D0-8D11-00A0C91BC942}") = "BT10", "BT10\BT10.vcxproj", "{76CE6DFF-F634-424E-8C44-6558CE8CB57E}"
EndProject
Project("{8BC9CEB8-8B4A-11D0-8D11-00A0C91BC942}") = "BT11", "BT11\BT11.vcxproj", "{792F3D55-9A37-4083-B80C-C74B1774BACC}"
EndProject
Project("{8BC9CEB8-8B4A-11D0-8D11-00A0C91BC942}") = "BT12", "BT12\BT12.vcxproj", "{FA18F539-EA25-4633-BFAE-D5055CA4DD92}"
EndProject
Project("{8BC9CEB8-8B4A-11D0-8D11-00A0C91BC942}") = "BT13", "BT13\BT13.vcxproj", "{9526BF00-3804-4D3C-9DBF-80CC876F7024}"
EndProject
Global
	GlobalSection(SolutionConfigurationPlatforms) = preSolution
		Debug|x64 = Debug|x64
		Debug|x86 = Debug|x86
		Release|x64 = Release|x64
		Release|x86 = Release|x86
	EndGlobalSection
	GlobalSection(ProjectConfigurationPlatforms) = postSolution
		{F24C2B73-7B6A-45F3-8A3B-296BAC936101}.Debug|x64.ActiveCfg = Debug|x64
		{F24C2B73-7B6A-45F3-8A3B-296BAC936101}.Debug|x64.Build.0 = Debug|x64
		{F24C2B73-7B6A-45F3-8A3B-296BAC936101}.Debug|x86.ActiveCfg = Debug|Win32
		{F24C2B73-7B6A-45F3-8A3B-296BAC936101}.Debug|x86.Build.0 = Debug|Win32
		{F24C2B73-7B6A-45F3-8A3B-296BAC936101}.Release|x64.ActiveCfg = Release|x64
		{F24C2B73-7B6A-45F3-8A3B-296BAC936101}.Release|x64.Build.0 = Release|x64
		{F24C2B73-7B6A-45F3-8A3B-296BAC936101}.Release|x86.ActiveCfg = Release|Win32
		{F24C2B73-7B6A-45F3-8A3B-296BAC936101}.Release|x86.Build.0 = Release|Win32
		{7B22767F-579B-442A-9C8B-C46134294AC8}.Debug|x64.ActiveCfg = Debug|x64
		{7B22767F-579B-442A-9C8B-C46134294AC8}.Debug|x64.Build.0 = Debug|x64
		{7B22767F-579B-442A-9C8B-C46134294AC8}.Debug|x86.ActiveCfg = Debug|Win32
		{7B22767F-579B-442A-9C8B-C46134294AC8}.Debug|x86.Build.0 = Debug|Win32
		{7B22767F-579B-442A-9C8B-C46134294AC8}.Release|x64.ActiveCfg = Release|x64
		{7B22767F-579B-442A-9C8B-C46134294AC8}.Release|x64.Build.0 = Release|x64
		{7B22767F-579B-442A-9C8B-C46134294AC8}.Release|x86.ActiveCfg = Release|Win32
		{7B22767F-579B-442A-9C8B-C46134294AC8}.Release|x86.Build.0 = Release|Win32
		{F96D47F8-1631-48C9-BA5E-2E5795EF0A52}.Debug|x64.ActiveCfg = Debug|x64
		{F96D47F8-1631-48C9-BA5E-2E5795EF0A52}.Debug|x64.Build.0 = Debug|x64
		{F96D47F8-1631-48C9-BA5E-2E5795EF0A52}.Debug|x86.ActiveCfg = Debug|Win32
		{F96D47F8-1631-48C9-BA5E-2E5795EF0A52}.Debug|x86.Build.0 = Debug|Win32
		{F96D47F8-1631-48C9-BA5E-2E5795EF0A52}.Release|x64.ActiveCfg = Release|x64
		{F96D47F8-1631-48C9-BA5E-2E5795EF0A52}.Release|x64.Build.0 = Release|x64
		{F96D47F8-1631-48C9-BA5E-2E5795EF0A52}.Release|x86.ActiveCfg = Release|Win32
		{F96D47F8-1631-48C9-BA5E-2E5795EF0A52}.Release|x86.Build.0 = Release|Win32
		{78FC4B37-C326-4992-95F9-FA72920FEB05}.Debug|x64.ActiveCfg = Debug|x64
		{78FC4B37-C326-4992-95F9-FA72920FEB05}.Debug|x64.Build.0 = Debug|x64
		{78FC4B37-C326-4992-95F9-FA72920FEB05}.Debug|x86.ActiveCfg = Debug|Win32
		{78FC4B37-C326-4992-95F9-FA72920FEB05}.Debug|x86.Build.0 = Debug|Win32
		{78FC4B37-C326-4992-95F9-FA72920FEB05}.Release|x64.ActiveCfg = Release|x64
		{78FC4B37-C326-4992-95F9-FA72920FEB05}.Release|x64.Build.0 = Release|x64
		{78FC4B37-C326-4992-95F9-FA72920FEB05}.Release|x86.ActiveCfg = Release|Win32
		{78FC4B37-C326-4992-95F9-FA72920FEB05}.Release|x86.Build.0 = Release|Win32
		{1B9DB29F-BF08-4342-A4D0-DDA905C9A4F7}.Debug|x64.ActiveCfg = Debug|x64
		{1B9DB29F-BF08-4342-A4D0-DDA905C9A4F7}.Debug|x64.Build.0 = Debug|x64
		{1B9DB29F-BF08-4342-A4D0-DDA905C9A4F7}.Debug|x86.ActiveCfg = Debug|Win32
		{1B9DB29F-BF08-4342-A4D0-DDA905C9A4F7}.Debug|x86.Build.0 = Debug|Win32
		{1B9DB29F-BF08-4342-A4D0-DDA905C9A4F7}.Release|x64.ActiveCfg = Release|x64
		{1B9DB29F-BF08-4342-A4D0-DDA905C9A4F7}.Release|x64.Build.0 = Release|x64
		{1B9DB29F-BF08-4342-A4D0-DDA905C9A4F7}.Release|x86.ActiveCfg = Release|Win32
		{1B9DB29F-BF08-4342-A4D0-DDA905C9A4F7}.Release|x86.Build.0 = Release|Win32
		{0D5FC543-3175-4ABB-8F0A-C1BE24BCD765}.Debug|x64.ActiveCfg = Debug|x64
		{0D5FC543-3175-4ABB-8F0A-C1BE24BCD765}.Debug|x64.Build.0 = Debug|x64
		{0D5FC543-3175-4ABB-8F0A-C1BE24BCD765}.Debug|x86.ActiveCfg = Debug|Win32
		{0D5FC543-3175-4ABB-8F0A-C1BE24BCD765}.Debug|x86.Build.0 = Debug|Win32
		{0D5FC543-3175-4ABB-8F0A-C1BE24BCD765}.Release|x64.ActiveCfg = Release|x64
		{0D5FC543-3175-4ABB-8F0A-C1BE24BCD765}.Release|x64.Build.0 = Release|x64
		{0D5FC543-3175-4ABB-8F0A-C1BE24BCD765}.Release|x86.ActiveCfg = Release|Win32
		{0D5FC543-3175-4ABB-8F0A-C1BE24BCD765}.Release|x86.Build.0 = Release|Win32
		{DEE92D70-EF9C-438B-BEE9-20583D62304C}.Debug|x64.ActiveCfg = Debug|x64
		{DEE92D70-EF9C-438B-BEE9-20583D62304C}.Debug|x64.Build.0 = Debug|x64
		{DEE92D70-EF9C-438B-BEE9-20583D62304C}.Debug|x86.ActiveCfg = Debug|Win32
		{DEE92D70-EF9C-438B-BEE9-20583D62304C}.Debug|x86.Build.0 = Debug|Win32
		{DEE92D70-EF9C-438B-BEE9-20583D62304C}.Release|x64.ActiveCfg = Release|x64
		{DEE92D70-EF9C-438B-BEE9-20583D62304C}.Release|x64.Build.0 = Release|x64
		{DEE92D70-EF9C-438B-BEE9-20583D62304C}.Release|x86.ActiveCfg = Release|Win32
		{DEE92D70-EF9C-438B-BEE9-20583D62304C}.Release|x86.Build.0 = Release|Win32
		{10C29974-D469-4090-A762-DF4F2DDB508E}.Debug|x64.ActiveCfg = Debug|x64
		{10C29974-D469-4090-A762-DF4F2DDB508E}.Debug|x64.Build.0 = Debug|x64
		{10C29974-D469-4090-A762-DF4F2DDB508E}.Debug|x86.ActiveCfg = Debug|Win32
		{10C29974-D469-4090-A762-DF4F2DDB508E}.Debug|x86.Build.0 = Debug|Win32
		{10C29974-D469-4090-A762-DF4F2DDB508E}.Release|x64.ActiveCfg = Release|x64
		{10C29974-D469-4090-A762-DF4F2DDB508E}.Release|x64.Build.0 = Release|x64
		{10C29974-D469-4090-A762-DF4F2DDB508E}.Release|x86.ActiveCfg = Release|Win32
		{10C29974-D469-4090-A762-DF4F2DDB508E}.Release|x86.Build.0 = Release|Win32
		{4E0034E8-25B9-49B2-9C03-5523ED6ACCCD}.Debug|x64.ActiveCfg = Debug|x64
		{4E0034E8-25B9-49B2-9C03-5523ED6ACCCD}.Debug|x64.Build.0 = Debug|x64
		{4E0034E8-25B9-49B2-9C03-5523ED6ACCCD}.Debug|x86.ActiveCfg = Debug|Win32
		{4E0034E8-25B9-49B2-9C03-5523ED6ACCCD}.Debug|x86.Build.0 = Debug|Win32
		{4E0034E8-25B9-49B2-9C03-5523ED6ACCCD}.Release|x64.ActiveCfg = Release|x64
		{4E0034E8-25B9-49B2-9C03-5523ED6ACCCD}.Release|x64.Build.0 = Release|x64
		{4E0034E8-25B9-49B2-9C03-5523ED6ACCCD}.Release|x86.ActiveCfg = Release|Win32
		{4E0034E8-25B9-49B2-9C03-5523ED6ACCCD}.Release|x86.Build.0 = Release|Win32
		{76CE6DFF-F634-424E-8C44-6558CE8CB57E}.Debug|x64.ActiveCfg = Debug|x64
		{76CE6DFF-F634-424E-8C44-6558CE8CB57E}.Debug|x64.Build.0 = Debug|x64
		{76CE6DFF-F634-424E-8C44-6558CE8CB57E}.Debug|x86.ActiveCfg = Debug|Win32
		{76CE6DFF-F634-424E-8C44-6558CE8CB57E}.Debug|x86.Build.0 = Debug|Win32
		{76CE6DFF-F634-424E-8C44-6558CE8CB57E}.Release|x64.ActiveCfg = Release|x64
		{76CE6DFF-F634-424E-8C44-6558CE8CB57E}.Release|x64.Build.0 = Release|x64
		{76CE6DFF-F634-424E-8C44-6558CE8CB57E}.Release|x86.ActiveCfg = Release|Win32
		{76CE6DFF-F634-424E-8C44-6558CE8CB57E}.Release|x86.Build.0 = Release|Win32
		{792F3D55-9A37-4083-B80C-C74B1774BACC}.Debug|x64.ActiveCfg = Debug|x64
		{792F3D55-9A37-4083-B80C-C74B1774BACC}.Debug|x64.Build.0 = Debug|x64
		{792F3D55-9A37-4083-B80C-C74B1774BACC}.Debug|x86.ActiveCfg = Debug|Win32
		{792F3D55-9A37-4083-B80C-C74B1774BACC}.Debug|x86.Build.0 = Debug|Win32
		{792F3D55-9A37-4083-B80C-C74B1774BACC}.Release|x64.ActiveCfg = Release|x64
		{792F3D55-9A37-4083-B80C-C74B1774BACC}.Release|x64.Build.0 = Release|x64
		{792F3D55-9A37-4083-B80C-C74B1774BACC}.Release|x86.ActiveCfg = Release|Win32
		{792F3D55-9A37-4083-B80C-C74B1774BACC}.Release|x86.Build.0 = Release|Win32
		{FA18F539-EA25-4633-BFAE-D5055CA4DD92}.Debug|x64.ActiveCfg = Debug|x64
		{FA18F539-EA25-4633-BFAE-D5055CA4DD92}.Debug|x64.Build.0 = Debug|x64
		{FA18F539-EA25-4633-BFAE-D5055CA4DD92}.Debug|x86.ActiveCfg = Debug|Win32
		{FA18F539-EA25-4633-BFAE-D5055CA4DD92}.Debug|x86.Build.0 = Debug|Win32
		{FA18F539-EA25-4633-BFAE-D5055CA4DD92}.Release|x64.ActiveCfg = Release|x64
		{FA18F539-EA25-4633-BFAE-D5055CA4DD92}.Release|x64.Build.0 = Release|x64
		{FA18F539-EA25-4633-BFAE-D5055CA4DD92}.Release|x86.ActiveCfg = Release|Win32
		{FA18F539-EA25-4633-BFAE-D5055CA4DD92}.Release|x86.Build.0 = Release|Win32
		{9526BF00-3804-4D3C-9DBF-80CC876F7024}.Debug|x64.ActiveCfg = Debug|x64
		{9526BF00-3804-4D3C-9DBF-80CC876F7024}.Debug|x64.Build.0 = Debug|x64
		{9526BF00-3804-4D3C-9DBF-80CC876F7024}.Debug|x86.ActiveCfg = Debug|Win32
		{9526BF00-3804-4D3C-9DBF-80CC876F7024}.Debug|x86.Build.0 = Debug|Win32
		{9526BF00-3804-4D3C-9DBF-80CC876F7024}.Release|x64.ActiveCfg = Release|x64
		{9526BF00-3804-4D3C-9DBF-80CC876F7024}.Release|x64.Build.0 = Release|x64
		{9526BF00-3804-4D3C-9DBF-80CC876F7024}.Release|x86.ActiveCfg = Release|Win32
		{9526BF00-3804-4D3C-9DBF-80CC876F7024}.Release|x86.Build.0 = Release|Win32
	EndGlobalSection
	GlobalSection(SolutionProperties) = preSolution
		HideSolutionNode = FALSE
	EndGlobalSection
	GlobalSection(ExtensibilityGlobals) = postSolution
		SolutionGuid = {4ADB965B-1642-4694-B959-0BA23D9441DF}
	EndGlobalSection
EndGlobal
